// !$*UTF8*$!
{
	archiveVersion = 1;
	classes = {
	};
	objectVersion = 56;
	objects = {

/* Begin PBXBuildFile section */
		CF21843429F052590060706C /* GustavTimerApp.swift in Sources */ = {isa = PBXBuildFile; fileRef = CF21843329F052590060706C /* GustavTimerApp.swift */; };
		CF21843629F052590060706C /* ContentView.swift in Sources */ = {isa = PBXBuildFile; fileRef = CF21843529F052590060706C /* ContentView.swift */; };
		CF21843829F0525E0060706C /* Assets.xcassets in Resources */ = {isa = PBXBuildFile; fileRef = CF21843729F0525E0060706C /* Assets.xcassets */; };
		CF21843B29F0525E0060706C /* Preview Assets.xcassets in Resources */ = {isa = PBXBuildFile; fileRef = CF21843A29F0525E0060706C /* Preview Assets.xcassets */; };
		CF21844229F0528C0060706C /* GustavViewModel.swift in Sources */ = {isa = PBXBuildFile; fileRef = CF21844129F0528C0060706C /* GustavViewModel.swift */; };
		CF279C4C2C31A8940084C43F /* SoundManager.swift in Sources */ = {isa = PBXBuildFile; fileRef = CF279C4B2C31A8940084C43F /* SoundManager.swift */; };
		CF279C4F2C31AA4B0084C43F /* 8bit-final.wav in Resources */ = {isa = PBXBuildFile; fileRef = CF279C4D2C31AA4B0084C43F /* 8bit-final.wav */; };
		CF279C502C31AA4B0084C43F /* 8bit-countdown.wav in Resources */ = {isa = PBXBuildFile; fileRef = CF279C4E2C31AA4B0084C43F /* 8bit-countdown.wav */; };
		CF279C532C31C3170084C43F /* beeps-countdown.wav in Resources */ = {isa = PBXBuildFile; fileRef = CF279C512C31C3170084C43F /* beeps-countdown.wav */; };
		CF279C562C31C45D0084C43F /* beeps-final.wav in Resources */ = {isa = PBXBuildFile; fileRef = CF279C552C31C45D0084C43F /* beeps-final.wav */; };
		CF279C592C31C6FD0084C43F /* gustav-countdown.wav in Resources */ = {isa = PBXBuildFile; fileRef = CF279C572C31C6FD0084C43F /* gustav-countdown.wav */; };
		CF279C5A2C31C6FD0084C43F /* gustav-final.wav in Resources */ = {isa = PBXBuildFile; fileRef = CF279C582C31C6FD0084C43F /* gustav-final.wav */; };
		CF279C5D2C31E8FC0084C43F /* yay-countdown.wav in Resources */ = {isa = PBXBuildFile; fileRef = CF279C5B2C31E8FC0084C43F /* yay-countdown.wav */; };
		CF279C602C31E9D20084C43F /* yay-final.wav in Resources */ = {isa = PBXBuildFile; fileRef = CF279C5F2C31E9D20084C43F /* yay-final.wav */; };
		CF279C642C31EACC0084C43F /* tick-final.wav in Resources */ = {isa = PBXBuildFile; fileRef = CF279C622C31EACC0084C43F /* tick-final.wav */; };
		CF279C662C31EB3C0084C43F /* tick-countdown.wav in Resources */ = {isa = PBXBuildFile; fileRef = CF279C652C31EB3C0084C43F /* tick-countdown.wav */; };
		CF5B11142AD33D8900F42131 /* MartianMono-Bold.ttf in Resources */ = {isa = PBXBuildFile; fileRef = CF5B11132AD33D8900F42131 /* MartianMono-Bold.ttf */; };
		CF5B11162AD33DE200F42131 /* MartianMono-Regular.ttf in Resources */ = {isa = PBXBuildFile; fileRef = CF5B11152AD33DE200F42131 /* MartianMono-Regular.ttf */; };
		CF7BCED72BB881C900A65EF1 /* CustomImageModel.swift in Sources */ = {isa = PBXBuildFile; fileRef = CF7BCED62BB881C900A65EF1 /* CustomImageModel.swift */; };
		CFADBCF22AC9C8AE00AE27D8 /* ProgressView.swift in Sources */ = {isa = PBXBuildFile; fileRef = CFADBCF12AC9C8AE00AE27D8 /* ProgressView.swift */; };
		CFADBCF42AC9DC7B00AE27D8 /* EditSheetView.swift in Sources */ = {isa = PBXBuildFile; fileRef = CFADBCF32AC9DC7B00AE27D8 /* EditSheetView.swift */; };
		CFB1394D2AE572D300EE8B2C /* BGImageView.swift in Sources */ = {isa = PBXBuildFile; fileRef = CFB1394C2AE572D300EE8B2C /* BGImageView.swift */; };
		CFB1394F2AE59ED900EE8B2C /* BGImageModel.swift in Sources */ = {isa = PBXBuildFile; fileRef = CFB1394E2AE59ED900EE8B2C /* BGImageModel.swift */; };
		CFC3A7722AAF8B1B00BB8CC2 /* ProgressBarView.swift in Sources */ = {isa = PBXBuildFile; fileRef = CFC3A7712AAF8B1B00BB8CC2 /* ProgressBarView.swift */; };
		CFCE3C722C43105800D33AE3 /* TimerRow.swift in Sources */ = {isa = PBXBuildFile; fileRef = CFCE3C712C43105800D33AE3 /* TimerRow.swift */; };
		CFCE3C742C43129B00D33AE3 /* Laps.swift in Sources */ = {isa = PBXBuildFile; fileRef = CFCE3C732C43129B00D33AE3 /* Laps.swift */; };
		CFCE3C762C431EC900D33AE3 /* HideKeyboardExtension.swift in Sources */ = {isa = PBXBuildFile; fileRef = CFCE3C752C431EC900D33AE3 /* HideKeyboardExtension.swift */; };
		CFF71ACC2B8B99BC00884E82 /* Localizable.xcstrings in Resources */ = {isa = PBXBuildFile; fileRef = CFF71ACB2B8B99BC00884E82 /* Localizable.xcstrings */; };
/* End PBXBuildFile section */

/* Begin PBXFileReference section */
		CF21843029F052590060706C /* GustavTimer.app */ = {isa = PBXFileReference; explicitFileType = wrapper.application; includeInIndex = 0; path = GustavTimer.app; sourceTree = BUILT_PRODUCTS_DIR; };
		CF21843329F052590060706C /* GustavTimerApp.swift */ = {isa = PBXFileReference; lastKnownFileType = sourcecode.swift; path = GustavTimerApp.swift; sourceTree = "<group>"; };
		CF21843529F052590060706C /* ContentView.swift */ = {isa = PBXFileReference; lastKnownFileType = sourcecode.swift; path = ContentView.swift; sourceTree = "<group>"; };
		CF21843729F0525E0060706C /* Assets.xcassets */ = {isa = PBXFileReference; lastKnownFileType = folder.assetcatalog; path = Assets.xcassets; sourceTree = "<group>"; };
		CF21843A29F0525E0060706C /* Preview Assets.xcassets */ = {isa = PBXFileReference; lastKnownFileType = folder.assetcatalog; path = "Preview Assets.xcassets"; sourceTree = "<group>"; };
		CF21844129F0528C0060706C /* GustavViewModel.swift */ = {isa = PBXFileReference; lastKnownFileType = sourcecode.swift; path = GustavViewModel.swift; sourceTree = "<group>"; };
		CF279C4B2C31A8940084C43F /* SoundManager.swift */ = {isa = PBXFileReference; lastKnownFileType = sourcecode.swift; path = SoundManager.swift; sourceTree = "<group>"; };
		CF279C4D2C31AA4B0084C43F /* 8bit-final.wav */ = {isa = PBXFileReference; lastKnownFileType = audio.wav; path = "8bit-final.wav"; sourceTree = "<group>"; };
		CF279C4E2C31AA4B0084C43F /* 8bit-countdown.wav */ = {isa = PBXFileReference; lastKnownFileType = audio.wav; path = "8bit-countdown.wav"; sourceTree = "<group>"; };
		CF279C512C31C3170084C43F /* beeps-countdown.wav */ = {isa = PBXFileReference; lastKnownFileType = audio.wav; path = "beeps-countdown.wav"; sourceTree = "<group>"; };
		CF279C552C31C45D0084C43F /* beeps-final.wav */ = {isa = PBXFileReference; lastKnownFileType = audio.wav; name = "beeps-final.wav"; path = "../../../../Documents/beeps-final.wav"; sourceTree = "<group>"; };
		CF279C572C31C6FD0084C43F /* gustav-countdown.wav */ = {isa = PBXFileReference; lastKnownFileType = audio.wav; path = "gustav-countdown.wav"; sourceTree = "<group>"; };
		CF279C582C31C6FD0084C43F /* gustav-final.wav */ = {isa = PBXFileReference; lastKnownFileType = audio.wav; path = "gustav-final.wav"; sourceTree = "<group>"; };
		CF279C5B2C31E8FC0084C43F /* yay-countdown.wav */ = {isa = PBXFileReference; lastKnownFileType = audio.wav; path = "yay-countdown.wav"; sourceTree = "<group>"; };
		CF279C5F2C31E9D20084C43F /* yay-final.wav */ = {isa = PBXFileReference; lastKnownFileType = audio.wav; name = "yay-final.wav"; path = "../../../../Documents/yay-final.wav"; sourceTree = "<group>"; };
		CF279C622C31EACC0084C43F /* tick-final.wav */ = {isa = PBXFileReference; lastKnownFileType = audio.wav; path = "tick-final.wav"; sourceTree = "<group>"; };
		CF279C652C31EB3C0084C43F /* tick-countdown.wav */ = {isa = PBXFileReference; lastKnownFileType = audio.wav; name = "tick-countdown.wav"; path = "../../../../Documents/tick-countdown.wav"; sourceTree = "<group>"; };
		CF5B11122AD33CE500F42131 /* Info.plist */ = {isa = PBXFileReference; lastKnownFileType = text.plist; path = Info.plist; sourceTree = "<group>"; };
		CF5B11132AD33D8900F42131 /* MartianMono-Bold.ttf */ = {isa = PBXFileReference; lastKnownFileType = file; path = "MartianMono-Bold.ttf"; sourceTree = "<group>"; };
		CF5B11152AD33DE200F42131 /* MartianMono-Regular.ttf */ = {isa = PBXFileReference; lastKnownFileType = file; path = "MartianMono-Regular.ttf"; sourceTree = "<group>"; };
		CF7BCED62BB881C900A65EF1 /* CustomImageModel.swift */ = {isa = PBXFileReference; lastKnownFileType = sourcecode.swift; path = CustomImageModel.swift; sourceTree = "<group>"; };
		CFADBCF12AC9C8AE00AE27D8 /* ProgressView.swift */ = {isa = PBXFileReference; lastKnownFileType = sourcecode.swift; path = ProgressView.swift; sourceTree = "<group>"; };
		CFADBCF32AC9DC7B00AE27D8 /* EditSheetView.swift */ = {isa = PBXFileReference; lastKnownFileType = sourcecode.swift; path = EditSheetView.swift; sourceTree = "<group>"; };
		CFB1394C2AE572D300EE8B2C /* BGImageView.swift */ = {isa = PBXFileReference; lastKnownFileType = sourcecode.swift; path = BGImageView.swift; sourceTree = "<group>"; };
		CFB1394E2AE59ED900EE8B2C /* BGImageModel.swift */ = {isa = PBXFileReference; lastKnownFileType = sourcecode.swift; path = BGImageModel.swift; sourceTree = "<group>"; };
		CFC3A7712AAF8B1B00BB8CC2 /* ProgressBarView.swift */ = {isa = PBXFileReference; lastKnownFileType = sourcecode.swift; path = ProgressBarView.swift; sourceTree = "<group>"; };
		CFCE3C712C43105800D33AE3 /* TimerRow.swift */ = {isa = PBXFileReference; lastKnownFileType = sourcecode.swift; path = TimerRow.swift; sourceTree = "<group>"; };
		CFCE3C732C43129B00D33AE3 /* Laps.swift */ = {isa = PBXFileReference; lastKnownFileType = sourcecode.swift; path = Laps.swift; sourceTree = "<group>"; };
		CFCE3C752C431EC900D33AE3 /* HideKeyboardExtension.swift */ = {isa = PBXFileReference; lastKnownFileType = sourcecode.swift; path = HideKeyboardExtension.swift; sourceTree = "<group>"; };
		CFF71ACB2B8B99BC00884E82 /* Localizable.xcstrings */ = {isa = PBXFileReference; lastKnownFileType = text.json.xcstrings; path = Localizable.xcstrings; sourceTree = "<group>"; };
/* End PBXFileReference section */

/* Begin PBXFrameworksBuildPhase section */
		CF21842D29F052590060706C /* Frameworks */ = {
			isa = PBXFrameworksBuildPhase;
			buildActionMask = 2147483647;
			files = (
			);
			runOnlyForDeploymentPostprocessing = 0;
		};
/* End PBXFrameworksBuildPhase section */

/* Begin PBXGroup section */
		CF21842729F052590060706C = {
			isa = PBXGroup;
			children = (
				CF21843229F052590060706C /* GustavTimer */,
				CF21843129F052590060706C /* Products */,
			);
			sourceTree = "<group>";
		};
		CF21843129F052590060706C /* Products */ = {
			isa = PBXGroup;
			children = (
				CF21843029F052590060706C /* GustavTimer.app */,
			);
			name = Products;
			sourceTree = "<group>";
		};
		CF21843229F052590060706C /* GustavTimer */ = {
			isa = PBXGroup;
			children = (
				CFCE3C772C431EF400D33AE3 /* Extensions */,
				CFCE3C702C43104100D33AE3 /* SubViews */,
				CF279C462C31A0CF0084C43F /* Sound */,
				CF5B11122AD33CE500F42131 /* Info.plist */,
				CF21843329F052590060706C /* GustavTimerApp.swift */,
				CFB1394E2AE59ED900EE8B2C /* BGImageModel.swift */,
				CF21843529F052590060706C /* ContentView.swift */,
				CFB1394C2AE572D300EE8B2C /* BGImageView.swift */,
				CFADBCF32AC9DC7B00AE27D8 /* EditSheetView.swift */,
				CFADBCF12AC9C8AE00AE27D8 /* ProgressView.swift */,
				CF7BCED62BB881C900A65EF1 /* CustomImageModel.swift */,
				CF5B11152AD33DE200F42131 /* MartianMono-Regular.ttf */,
				CF5B11132AD33D8900F42131 /* MartianMono-Bold.ttf */,
				CFC3A7712AAF8B1B00BB8CC2 /* ProgressBarView.swift */,
				CF21844129F0528C0060706C /* GustavViewModel.swift */,
				CF21843729F0525E0060706C /* Assets.xcassets */,
				CF21843929F0525E0060706C /* Preview Content */,
				CFF71ACB2B8B99BC00884E82 /* Localizable.xcstrings */,
				CF279C4B2C31A8940084C43F /* SoundManager.swift */,
			);
			path = GustavTimer;
			sourceTree = "<group>";
		};
		CF21843929F0525E0060706C /* Preview Content */ = {
			isa = PBXGroup;
			children = (
				CF21843A29F0525E0060706C /* Preview Assets.xcassets */,
			);
			path = "Preview Content";
			sourceTree = "<group>";
		};
		CF279C462C31A0CF0084C43F /* Sound */ = {
			isa = PBXGroup;
			children = (
				CF279C622C31EACC0084C43F /* tick-final.wav */,
				CF279C652C31EB3C0084C43F /* tick-countdown.wav */,
				CF279C5B2C31E8FC0084C43F /* yay-countdown.wav */,
				CF279C5F2C31E9D20084C43F /* yay-final.wav */,
				CF279C572C31C6FD0084C43F /* gustav-countdown.wav */,
				CF279C582C31C6FD0084C43F /* gustav-final.wav */,
				CF279C512C31C3170084C43F /* beeps-countdown.wav */,
				CF279C552C31C45D0084C43F /* beeps-final.wav */,
				CF279C4E2C31AA4B0084C43F /* 8bit-countdown.wav */,
				CF279C4D2C31AA4B0084C43F /* 8bit-final.wav */,
			);
			path = Sound;
			sourceTree = "<group>";
		};
		CFCE3C702C43104100D33AE3 /* SubViews */ = {
			isa = PBXGroup;
			children = (
				CFCE3C712C43105800D33AE3 /* TimerRow.swift */,
				CFCE3C732C43129B00D33AE3 /* Laps.swift */,
			);
			path = SubViews;
			sourceTree = "<group>";
		};
		CFCE3C772C431EF400D33AE3 /* Extensions */ = {
			isa = PBXGroup;
			children = (
				CFCE3C752C431EC900D33AE3 /* HideKeyboardExtension.swift */,
			);
			path = Extensions;
			sourceTree = "<group>";
		};
/* End PBXGroup section */

/* Begin PBXNativeTarget section */
		CF21842F29F052590060706C /* GustavTimer */ = {
			isa = PBXNativeTarget;
			buildConfigurationList = CF21843E29F0525E0060706C /* Build configuration list for PBXNativeTarget "GustavTimer" */;
			buildPhases = (
				CF21842C29F052590060706C /* Sources */,
				CF21842D29F052590060706C /* Frameworks */,
				CF21842E29F052590060706C /* Resources */,
			);
			buildRules = (
			);
			dependencies = (
			);
			name = GustavTimer;
			productName = GustavTimer;
			productReference = CF21843029F052590060706C /* GustavTimer.app */;
			productType = "com.apple.product-type.application";
		};
/* End PBXNativeTarget section */

/* Begin PBXProject section */
		CF21842829F052590060706C /* Project object */ = {
			isa = PBXProject;
			attributes = {
				BuildIndependentTargetsInParallel = 1;
				LastSwiftUpdateCheck = 1430;
				LastUpgradeCheck = 1530;
				TargetAttributes = {
					CF21842F29F052590060706C = {
						CreatedOnToolsVersion = 14.3;
					};
				};
			};
			buildConfigurationList = CF21842B29F052590060706C /* Build configuration list for PBXProject "GustavTimer" */;
			compatibilityVersion = "Xcode 14.0";
			developmentRegion = en;
			hasScannedForEncodings = 0;
			knownRegions = (
				en,
				Base,
				cs,
			);
			mainGroup = CF21842729F052590060706C;
			productRefGroup = CF21843129F052590060706C /* Products */;
			projectDirPath = "";
			projectRoot = "";
			targets = (
				CF21842F29F052590060706C /* GustavTimer */,
			);
		};
/* End PBXProject section */

/* Begin PBXResourcesBuildPhase section */
		CF21842E29F052590060706C /* Resources */ = {
			isa = PBXResourcesBuildPhase;
			buildActionMask = 2147483647;
			files = (
				CF279C642C31EACC0084C43F /* tick-final.wav in Resources */,
				CF279C562C31C45D0084C43F /* beeps-final.wav in Resources */,
				CF279C5A2C31C6FD0084C43F /* gustav-final.wav in Resources */,
				CF21843B29F0525E0060706C /* Preview Assets.xcassets in Resources */,
				CFF71ACC2B8B99BC00884E82 /* Localizable.xcstrings in Resources */,
				CF21843829F0525E0060706C /* Assets.xcassets in Resources */,
				CF279C662C31EB3C0084C43F /* tick-countdown.wav in Resources */,
				CF279C4F2C31AA4B0084C43F /* 8bit-final.wav in Resources */,
				CF279C5D2C31E8FC0084C43F /* yay-countdown.wav in Resources */,
				CF279C532C31C3170084C43F /* beeps-countdown.wav in Resources */,
				CF279C592C31C6FD0084C43F /* gustav-countdown.wav in Resources */,
				CF5B11142AD33D8900F42131 /* MartianMono-Bold.ttf in Resources */,
				CF5B11162AD33DE200F42131 /* MartianMono-Regular.ttf in Resources */,
				CF279C502C31AA4B0084C43F /* 8bit-countdown.wav in Resources */,
				CF279C602C31E9D20084C43F /* yay-final.wav in Resources */,
			);
			runOnlyForDeploymentPostprocessing = 0;
		};
/* End PBXResourcesBuildPhase section */

/* Begin PBXSourcesBuildPhase section */
		CF21842C29F052590060706C /* Sources */ = {
			isa = PBXSourcesBuildPhase;
			buildActionMask = 2147483647;
			files = (
				CFB1394D2AE572D300EE8B2C /* BGImageView.swift in Sources */,
				CFCE3C742C43129B00D33AE3 /* Laps.swift in Sources */,
				CF21843629F052590060706C /* ContentView.swift in Sources */,
				CFB1394F2AE59ED900EE8B2C /* BGImageModel.swift in Sources */,
				CFC3A7722AAF8B1B00BB8CC2 /* ProgressBarView.swift in Sources */,
				CFCE3C722C43105800D33AE3 /* TimerRow.swift in Sources */,
				CFADBCF42AC9DC7B00AE27D8 /* EditSheetView.swift in Sources */,
				CFADBCF22AC9C8AE00AE27D8 /* ProgressView.swift in Sources */,
				CF21844229F0528C0060706C /* GustavViewModel.swift in Sources */,
				CFCE3C762C431EC900D33AE3 /* HideKeyboardExtension.swift in Sources */,
				CF21843429F052590060706C /* GustavTimerApp.swift in Sources */,
				CF7BCED72BB881C900A65EF1 /* CustomImageModel.swift in Sources */,
				CF279C4C2C31A8940084C43F /* SoundManager.swift in Sources */,
			);
			runOnlyForDeploymentPostprocessing = 0;
		};
/* End PBXSourcesBuildPhase section */

/* Begin XCBuildConfiguration section */
		CF21843C29F0525E0060706C /* Debug */ = {
			isa = XCBuildConfiguration;
			buildSettings = {
				ALWAYS_SEARCH_USER_PATHS = NO;
				ASSETCATALOG_COMPILER_GENERATE_SWIFT_ASSET_SYMBOL_EXTENSIONS = YES;
				CLANG_ANALYZER_LOCALIZABILITY_NONLOCALIZED = YES;
				CLANG_ANALYZER_NONNULL = YES;
				CLANG_ANALYZER_NUMBER_OBJECT_CONVERSION = YES_AGGRESSIVE;
				CLANG_CXX_LANGUAGE_STANDARD = "gnu++20";
				CLANG_ENABLE_MODULES = YES;
				CLANG_ENABLE_OBJC_ARC = YES;
				CLANG_ENABLE_OBJC_WEAK = YES;
				CLANG_WARN_BLOCK_CAPTURE_AUTORELEASING = YES;
				CLANG_WARN_BOOL_CONVERSION = YES;
				CLANG_WARN_COMMA = YES;
				CLANG_WARN_CONSTANT_CONVERSION = YES;
				CLANG_WARN_DEPRECATED_OBJC_IMPLEMENTATIONS = YES;
				CLANG_WARN_DIRECT_OBJC_ISA_USAGE = YES_ERROR;
				CLANG_WARN_DOCUMENTATION_COMMENTS = YES;
				CLANG_WARN_EMPTY_BODY = YES;
				CLANG_WARN_ENUM_CONVERSION = YES;
				CLANG_WARN_INFINITE_RECURSION = YES;
				CLANG_WARN_INT_CONVERSION = YES;
				CLANG_WARN_NON_LITERAL_NULL_CONVERSION = YES;
				CLANG_WARN_OBJC_IMPLICIT_RETAIN_SELF = YES;
				CLANG_WARN_OBJC_LITERAL_CONVERSION = YES;
				CLANG_WARN_OBJC_ROOT_CLASS = YES_ERROR;
				CLANG_WARN_QUOTED_INCLUDE_IN_FRAMEWORK_HEADER = YES;
				CLANG_WARN_RANGE_LOOP_ANALYSIS = YES;
				CLANG_WARN_STRICT_PROTOTYPES = YES;
				CLANG_WARN_SUSPICIOUS_MOVE = YES;
				CLANG_WARN_UNGUARDED_AVAILABILITY = YES_AGGRESSIVE;
				CLANG_WARN_UNREACHABLE_CODE = YES;
				CLANG_WARN__DUPLICATE_METHOD_MATCH = YES;
				COPY_PHASE_STRIP = NO;
				DEBUG_INFORMATION_FORMAT = dwarf;
				ENABLE_STRICT_OBJC_MSGSEND = YES;
				ENABLE_TESTABILITY = YES;
				ENABLE_USER_SCRIPT_SANDBOXING = YES;
				GCC_C_LANGUAGE_STANDARD = gnu11;
				GCC_DYNAMIC_NO_PIC = NO;
				GCC_NO_COMMON_BLOCKS = YES;
				GCC_OPTIMIZATION_LEVEL = 0;
				GCC_PREPROCESSOR_DEFINITIONS = (
					"DEBUG=1",
					"$(inherited)",
				);
				GCC_WARN_64_TO_32_BIT_CONVERSION = YES;
				GCC_WARN_ABOUT_RETURN_TYPE = YES_ERROR;
				GCC_WARN_UNDECLARED_SELECTOR = YES;
				GCC_WARN_UNINITIALIZED_AUTOS = YES_AGGRESSIVE;
				GCC_WARN_UNUSED_FUNCTION = YES;
				GCC_WARN_UNUSED_VARIABLE = YES;
				IPHONEOS_DEPLOYMENT_TARGET = 16.4;
				MTL_ENABLE_DEBUG_INFO = INCLUDE_SOURCE;
				MTL_FAST_MATH = YES;
				ONLY_ACTIVE_ARCH = YES;
				SDKROOT = iphoneos;
				SWIFT_ACTIVE_COMPILATION_CONDITIONS = DEBUG;
				SWIFT_OPTIMIZATION_LEVEL = "-Onone";
			};
			name = Debug;
		};
		CF21843D29F0525E0060706C /* Release */ = {
			isa = XCBuildConfiguration;
			buildSettings = {
				ALWAYS_SEARCH_USER_PATHS = NO;
				ASSETCATALOG_COMPILER_GENERATE_SWIFT_ASSET_SYMBOL_EXTENSIONS = YES;
				CLANG_ANALYZER_LOCALIZABILITY_NONLOCALIZED = YES;
				CLANG_ANALYZER_NONNULL = YES;
				CLANG_ANALYZER_NUMBER_OBJECT_CONVERSION = YES_AGGRESSIVE;
				CLANG_CXX_LANGUAGE_STANDARD = "gnu++20";
				CLANG_ENABLE_MODULES = YES;
				CLANG_ENABLE_OBJC_ARC = YES;
				CLANG_ENABLE_OBJC_WEAK = YES;
				CLANG_WARN_BLOCK_CAPTURE_AUTORELEASING = YES;
				CLANG_WARN_BOOL_CONVERSION = YES;
				CLANG_WARN_COMMA = YES;
				CLANG_WARN_CONSTANT_CONVERSION = YES;
				CLANG_WARN_DEPRECATED_OBJC_IMPLEMENTATIONS = YES;
				CLANG_WARN_DIRECT_OBJC_ISA_USAGE = YES_ERROR;
				CLANG_WARN_DOCUMENTATION_COMMENTS = YES;
				CLANG_WARN_EMPTY_BODY = YES;
				CLANG_WARN_ENUM_CONVERSION = YES;
				CLANG_WARN_INFINITE_RECURSION = YES;
				CLANG_WARN_INT_CONVERSION = YES;
				CLANG_WARN_NON_LITERAL_NULL_CONVERSION = YES;
				CLANG_WARN_OBJC_IMPLICIT_RETAIN_SELF = YES;
				CLANG_WARN_OBJC_LITERAL_CONVERSION = YES;
				CLANG_WARN_OBJC_ROOT_CLASS = YES_ERROR;
				CLANG_WARN_QUOTED_INCLUDE_IN_FRAMEWORK_HEADER = YES;
				CLANG_WARN_RANGE_LOOP_ANALYSIS = YES;
				CLANG_WARN_STRICT_PROTOTYPES = YES;
				CLANG_WARN_SUSPICIOUS_MOVE = YES;
				CLANG_WARN_UNGUARDED_AVAILABILITY = YES_AGGRESSIVE;
				CLANG_WARN_UNREACHABLE_CODE = YES;
				CLANG_WARN__DUPLICATE_METHOD_MATCH = YES;
				COPY_PHASE_STRIP = NO;
				DEBUG_INFORMATION_FORMAT = "dwarf-with-dsym";
				ENABLE_NS_ASSERTIONS = NO;
				ENABLE_STRICT_OBJC_MSGSEND = YES;
				ENABLE_USER_SCRIPT_SANDBOXING = YES;
				GCC_C_LANGUAGE_STANDARD = gnu11;
				GCC_NO_COMMON_BLOCKS = YES;
				GCC_WARN_64_TO_32_BIT_CONVERSION = YES;
				GCC_WARN_ABOUT_RETURN_TYPE = YES_ERROR;
				GCC_WARN_UNDECLARED_SELECTOR = YES;
				GCC_WARN_UNINITIALIZED_AUTOS = YES_AGGRESSIVE;
				GCC_WARN_UNUSED_FUNCTION = YES;
				GCC_WARN_UNUSED_VARIABLE = YES;
				IPHONEOS_DEPLOYMENT_TARGET = 16.4;
				MTL_ENABLE_DEBUG_INFO = NO;
				MTL_FAST_MATH = YES;
				SDKROOT = iphoneos;
				SWIFT_COMPILATION_MODE = wholemodule;
				SWIFT_OPTIMIZATION_LEVEL = "-O";
				VALIDATE_PRODUCT = YES;
			};
			name = Release;
		};
		CF21843F29F0525E0060706C /* Debug */ = {
			isa = XCBuildConfiguration;
			buildSettings = {
				ASSETCATALOG_COMPILER_APPICON_NAME = AppIcon;
				ASSETCATALOG_COMPILER_GLOBAL_ACCENT_COLOR_NAME = AccentColor;
				CODE_SIGN_STYLE = Automatic;
				CURRENT_PROJECT_VERSION = 1;
				DEVELOPMENT_ASSET_PATHS = "\"GustavTimer/Preview Content\"";
				DEVELOPMENT_TEAM = BY8G7HDNPV;
				ENABLE_PREVIEWS = YES;
				GENERATE_INFOPLIST_FILE = YES;
				INFOPLIST_FILE = GustavTimer/Info.plist;
				INFOPLIST_KEY_CFBundleDisplayName = "Gustav Timer";
				INFOPLIST_KEY_UIApplicationSceneManifest_Generation = YES;
				INFOPLIST_KEY_UIApplicationSupportsIndirectInputEvents = YES;
				INFOPLIST_KEY_UILaunchScreen_Generation = YES;
				INFOPLIST_KEY_UIRequiresFullScreen = NO;
				INFOPLIST_KEY_UISupportedInterfaceOrientations = UIInterfaceOrientationPortrait;
				INFOPLIST_KEY_UISupportedInterfaceOrientations_iPad = "UIInterfaceOrientationLandscapeLeft UIInterfaceOrientationLandscapeRight UIInterfaceOrientationPortrait UIInterfaceOrientationPortraitUpsideDown";
				IPHONEOS_DEPLOYMENT_TARGET = 17.0;
				LD_RUNPATH_SEARCH_PATHS = (
					"$(inherited)",
					"@executable_path/Frameworks",
				);
				MARKETING_VERSION = 1.2.1;
				PRODUCT_BUNDLE_IDENTIFIER = cz.daliborjanecek.GustavTimer;
				PRODUCT_NAME = "$(TARGET_NAME)";
				SUPPORTED_PLATFORMS = "iphoneos iphonesimulator";
				SUPPORTS_MACCATALYST = NO;
				SUPPORTS_MAC_DESIGNED_FOR_IPHONE_IPAD = NO;
				SUPPORTS_XR_DESIGNED_FOR_IPHONE_IPAD = NO;
				SWIFT_EMIT_LOC_STRINGS = YES;
				SWIFT_VERSION = 5.0;
				TARGETED_DEVICE_FAMILY = 1;
			};
			name = Debug;
		};
		CF21844029F0525E0060706C /* Release */ = {
			isa = XCBuildConfiguration;
			buildSettings = {
				ASSETCATALOG_COMPILER_APPICON_NAME = AppIcon;
				ASSETCATALOG_COMPILER_GLOBAL_ACCENT_COLOR_NAME = AccentColor;
				CODE_SIGN_STYLE = Automatic;
				CURRENT_PROJECT_VERSION = 1;
				DEVELOPMENT_ASSET_PATHS = "\"GustavTimer/Preview Content\"";
				DEVELOPMENT_TEAM = BY8G7HDNPV;
				ENABLE_PREVIEWS = YES;
				GENERATE_INFOPLIST_FILE = YES;
				INFOPLIST_FILE = GustavTimer/Info.plist;
				INFOPLIST_KEY_CFBundleDisplayName = "Gustav Timer";
				INFOPLIST_KEY_UIApplicationSceneManifest_Generation = YES;
				INFOPLIST_KEY_UIApplicationSupportsIndirectInputEvents = YES;
				INFOPLIST_KEY_UILaunchScreen_Generation = YES;
				INFOPLIST_KEY_UIRequiresFullScreen = NO;
				INFOPLIST_KEY_UISupportedInterfaceOrientations = UIInterfaceOrientationPortrait;
				INFOPLIST_KEY_UISupportedInterfaceOrientations_iPad = "UIInterfaceOrientationLandscapeLeft UIInterfaceOrientationLandscapeRight UIInterfaceOrientationPortrait UIInterfaceOrientationPortraitUpsideDown";
				IPHONEOS_DEPLOYMENT_TARGET = 17.0;
				LD_RUNPATH_SEARCH_PATHS = (
					"$(inherited)",
					"@executable_path/Frameworks",
				);
				MARKETING_VERSION = 1.2.1;
				PRODUCT_BUNDLE_IDENTIFIER = cz.daliborjanecek.GustavTimer;
				PRODUCT_NAME = "$(TARGET_NAME)";
				SUPPORTED_PLATFORMS = "iphoneos iphonesimulator";
				SUPPORTS_MACCATALYST = NO;
				SUPPORTS_MAC_DESIGNED_FOR_IPHONE_IPAD = NO;
				SUPPORTS_XR_DESIGNED_FOR_IPHONE_IPAD = NO;
				SWIFT_EMIT_LOC_STRINGS = YES;
				SWIFT_VERSION = 5.0;
				TARGETED_DEVICE_FAMILY = 1;
			};
			name = Release;
		};
/* End XCBuildConfiguration section */

/* Begin XCConfigurationList section */
		CF21842B29F052590060706C /* Build configuration list for PBXProject "GustavTimer" */ = {
			isa = XCConfigurationList;
			buildConfigurations = (
				CF21843C29F0525E0060706C /* Debug */,
				CF21843D29F0525E0060706C /* Release */,
			);
			defaultConfigurationIsVisible = 0;
			defaultConfigurationName = Release;
		};
		CF21843E29F0525E0060706C /* Build configuration list for PBXNativeTarget "GustavTimer" */ = {
			isa = XCConfigurationList;
			buildConfigurations = (
				CF21843F29F0525E0060706C /* Debug */,
				CF21844029F0525E0060706C /* Release */,
			);
			defaultConfigurationIsVisible = 0;
			defaultConfigurationName = Release;
		};
/* End XCConfigurationList section */
	};
	rootObject = CF21842829F052590060706C /* Project object */;
}
