// !$*UTF8*$!
{
	archiveVersion = 1;
	classes = {
	};
	objectVersion = 56;
	objects = {

/* Begin PBXBuildFile section */
		CF21843429F052590060706C /* GustavTimerApp.swift in Sources */ = {isa = PBXBuildFile; fileRef = CF21843329F052590060706C /* GustavTimerApp.swift */; };
		CF21843629F052590060706C /* ContentView.swift in Sources */ = {isa = PBXBuildFile; fileRef = CF21843529F052590060706C /* ContentView.swift */; };
		CF21843829F0525E0060706C /* Assets.xcassets in Resources */ = {isa = PBXBuildFile; fileRef = CF21843729F0525E0060706C /* Assets.xcassets */; };
		CF21843B29F0525E0060706C /* Preview Assets.xcassets in Resources */ = {isa = PBXBuildFile; fileRef = CF21843A29F0525E0060706C /* Preview Assets.xcassets */; };
		CF3335052DEB6B4B00538DDC /* SpaceGrotesk-Regular.ttf in Resources */ = {isa = PBXBuildFile; fileRef = CF3335032DEB6B4B00538DDC /* SpaceGrotesk-Regular.ttf */; };
		CF3335062DEB6B4B00538DDC /* SpaceGrotesk-Light.ttf in Resources */ = {isa = PBXBuildFile; fileRef = CF3335012DEB6B4B00538DDC /* SpaceGrotesk-Light.ttf */; };
		CF3335072DEB6B4B00538DDC /* SpaceGrotesk-SemiBold.ttf in Resources */ = {isa = PBXBuildFile; fileRef = CF3335042DEB6B4B00538DDC /* SpaceGrotesk-SemiBold.ttf */; };
		CF3335082DEB6B4B00538DDC /* SpaceGrotesk-Bold.ttf in Resources */ = {isa = PBXBuildFile; fileRef = CF3335002DEB6B4B00538DDC /* SpaceGrotesk-Bold.ttf */; };
		CF3335092DEB6B4B00538DDC /* SpaceGrotesk-Medium.ttf in Resources */ = {isa = PBXBuildFile; fileRef = CF3335022DEB6B4B00538DDC /* SpaceGrotesk-Medium.ttf */; };
		CF33350E2DEB6B6300538DDC /* SpaceMono-Regular.ttf in Resources */ = {isa = PBXBuildFile; fileRef = CF33350D2DEB6B6300538DDC /* SpaceMono-Regular.ttf */; };
		CF3335112DEB6B6300538DDC /* SpaceMono-Bold.ttf in Resources */ = {isa = PBXBuildFile; fileRef = CF33350A2DEB6B6300538DDC /* SpaceMono-Bold.ttf */; };
		CF93EB012C5E679700A98ABD /* PrivacyInfo.xcprivacy in Resources */ = {isa = PBXBuildFile; fileRef = CF93EB002C5E679700A98ABD /* PrivacyInfo.xcprivacy */; };
		CFF71ACC2B8B99BC00884E82 /* Localizable.xcstrings in Resources */ = {isa = PBXBuildFile; fileRef = CFF71ACB2B8B99BC00884E82 /* Localizable.xcstrings */; };
/* End PBXBuildFile section */

/* Begin PBXFileReference section */
		CF21843029F052590060706C /* GustavTimer.app */ = {isa = PBXFileReference; explicitFileType = wrapper.application; includeInIndex = 0; path = GustavTimer.app; sourceTree = BUILT_PRODUCTS_DIR; };
		CF21843329F052590060706C /* GustavTimerApp.swift */ = {isa = PBXFileReference; lastKnownFileType = sourcecode.swift; path = GustavTimerApp.swift; sourceTree = "<group>"; };
		CF21843529F052590060706C /* ContentView.swift */ = {isa = PBXFileReference; lastKnownFileType = sourcecode.swift; path = ContentView.swift; sourceTree = "<group>"; };
		CF21843729F0525E0060706C /* Assets.xcassets */ = {isa = PBXFileReference; lastKnownFileType = folder.assetcatalog; path = Assets.xcassets; sourceTree = "<group>"; };
		CF21843A29F0525E0060706C /* Preview Assets.xcassets */ = {isa = PBXFileReference; lastKnownFileType = folder.assetcatalog; path = "Preview Assets.xcassets"; sourceTree = "<group>"; };
		CF3335002DEB6B4B00538DDC /* SpaceGrotesk-Bold.ttf */ = {isa = PBXFileReference; lastKnownFileType = file; path = "SpaceGrotesk-Bold.ttf"; sourceTree = "<group>"; };
		CF3335012DEB6B4B00538DDC /* SpaceGrotesk-Light.ttf */ = {isa = PBXFileReference; lastKnownFileType = file; path = "SpaceGrotesk-Light.ttf"; sourceTree = "<group>"; };
		CF3335022DEB6B4B00538DDC /* SpaceGrotesk-Medium.ttf */ = {isa = PBXFileReference; lastKnownFileType = file; path = "SpaceGrotesk-Medium.ttf"; sourceTree = "<group>"; };
		CF3335032DEB6B4B00538DDC /* SpaceGrotesk-Regular.ttf */ = {isa = PBXFileReference; lastKnownFileType = file; path = "SpaceGrotesk-Regular.ttf"; sourceTree = "<group>"; };
		CF3335042DEB6B4B00538DDC /* SpaceGrotesk-SemiBold.ttf */ = {isa = PBXFileReference; lastKnownFileType = file; path = "SpaceGrotesk-SemiBold.ttf"; sourceTree = "<group>"; };
		CF33350A2DEB6B6300538DDC /* SpaceMono-Bold.ttf */ = {isa = PBXFileReference; lastKnownFileType = file; path = "SpaceMono-Bold.ttf"; sourceTree = "<group>"; };
		CF33350D2DEB6B6300538DDC /* SpaceMono-Regular.ttf */ = {isa = PBXFileReference; lastKnownFileType = file; path = "SpaceMono-Regular.ttf"; sourceTree = "<group>"; };
		CF5B11122AD33CE500F42131 /* Info.plist */ = {isa = PBXFileReference; lastKnownFileType = text.plist; path = Info.plist; sourceTree = "<group>"; };
		CF93EB002C5E679700A98ABD /* PrivacyInfo.xcprivacy */ = {isa = PBXFileReference; lastKnownFileType = text.xml; path = PrivacyInfo.xcprivacy; sourceTree = "<group>"; };
		CFF71ACB2B8B99BC00884E82 /* Localizable.xcstrings */ = {isa = PBXFileReference; lastKnownFileType = text.json.xcstrings; path = Localizable.xcstrings; sourceTree = "<group>"; };
/* End PBXFileReference section */

/* Begin PBXFrameworksBuildPhase section */
		CF21842D29F052590060706C /* Frameworks */ = {
			isa = PBXFrameworksBuildPhase;
			buildActionMask = 2147483647;
			files = (
			);
			runOnlyForDeploymentPostprocessing = 0;
		};
/* End PBXFrameworksBuildPhase section */

/* Begin PBXGroup section */
		CF21842729F052590060706C = {
			isa = PBXGroup;
			children = (
				CF21843229F052590060706C /* GustavTimer */,
				CF21843129F052590060706C /* Products */,
			);
			sourceTree = "<group>";
		};
		CF21843129F052590060706C /* Products */ = {
			isa = PBXGroup;
			children = (
				CF21843029F052590060706C /* GustavTimer.app */,
			);
			name = Products;
			sourceTree = "<group>";
		};
		CF21843229F052590060706C /* GustavTimer */ = {
			isa = PBXGroup;
			children = (
				CF3334FF2DEB6B4100538DDC /* Fonts */,
				CF5B11122AD33CE500F42131 /* Info.plist */,
				CF21843329F052590060706C /* GustavTimerApp.swift */,
				CF21843529F052590060706C /* ContentView.swift */,
				CF93EB002C5E679700A98ABD /* PrivacyInfo.xcprivacy */,
				CF21843729F0525E0060706C /* Assets.xcassets */,
				CF21843929F0525E0060706C /* Preview Content */,
				CFF71ACB2B8B99BC00884E82 /* Localizable.xcstrings */,
			);
			path = GustavTimer;
			sourceTree = "<group>";
		};
		CF21843929F0525E0060706C /* Preview Content */ = {
			isa = PBXGroup;
			children = (
				CF21843A29F0525E0060706C /* Preview Assets.xcassets */,
			);
			path = "Preview Content";
			sourceTree = "<group>";
		};
		CF3334FF2DEB6B4100538DDC /* Fonts */ = {
			isa = PBXGroup;
			children = (
				CF3335002DEB6B4B00538DDC /* SpaceGrotesk-Bold.ttf */,
				CF3335012DEB6B4B00538DDC /* SpaceGrotesk-Light.ttf */,
				CF3335022DEB6B4B00538DDC /* SpaceGrotesk-Medium.ttf */,
				CF3335032DEB6B4B00538DDC /* SpaceGrotesk-Regular.ttf */,
				CF3335042DEB6B4B00538DDC /* SpaceGrotesk-SemiBold.ttf */,
				CF33350A2DEB6B6300538DDC /* SpaceMono-Bold.ttf */,
				CF33350D2DEB6B6300538DDC /* SpaceMono-Regular.ttf */,
			);
			path = Fonts;
			sourceTree = "<group>";
		};
/* End PBXGroup section */

/* Begin PBXNativeTarget section */
		CF21842F29F052590060706C /* GustavTimer */ = {
			isa = PBXNativeTarget;
			buildConfigurationList = CF21843E29F0525E0060706C /* Build configuration list for PBXNativeTarget "GustavTimer" */;
			buildPhases = (
				CF21842C29F052590060706C /* Sources */,
				CF21842D29F052590060706C /* Frameworks */,
				CF21842E29F052590060706C /* Resources */,
			);
			buildRules = (
			);
			dependencies = (
			);
			name = GustavTimer;
			productName = GustavTimer;
			productReference = CF21843029F052590060706C /* GustavTimer.app */;
			productType = "com.apple.product-type.application";
		};
/* End PBXNativeTarget section */

/* Begin PBXProject section */
		CF21842829F052590060706C /* Project object */ = {
			isa = PBXProject;
			attributes = {
				BuildIndependentTargetsInParallel = 1;
				LastSwiftUpdateCheck = 1430;
				LastUpgradeCheck = 1530;
				TargetAttributes = {
					CF21842F29F052590060706C = {
						CreatedOnToolsVersion = 14.3;
					};
				};
			};
			buildConfigurationList = CF21842B29F052590060706C /* Build configuration list for PBXProject "GustavTimer" */;
			compatibilityVersion = "Xcode 14.0";
			developmentRegion = en;
			hasScannedForEncodings = 0;
			knownRegions = (
				en,
				Base,
				cs,
			);
			mainGroup = CF21842729F052590060706C;
			productRefGroup = CF21843129F052590060706C /* Products */;
			projectDirPath = "";
			projectRoot = "";
			targets = (
				CF21842F29F052590060706C /* GustavTimer */,
			);
		};
/* End PBXProject section */

/* Begin PBXResourcesBuildPhase section */
		CF21842E29F052590060706C /* Resources */ = {
			isa = PBXResourcesBuildPhase;
			buildActionMask = 2147483647;
			files = (
				CF21843B29F0525E0060706C /* Preview Assets.xcassets in Resources */,
				CFF71ACC2B8B99BC00884E82 /* Localizable.xcstrings in Resources */,
				CF3335052DEB6B4B00538DDC /* SpaceGrotesk-Regular.ttf in Resources */,
				CF3335062DEB6B4B00538DDC /* SpaceGrotesk-Light.ttf in Resources */,
				CF3335072DEB6B4B00538DDC /* SpaceGrotesk-SemiBold.ttf in Resources */,
				CF33350E2DEB6B6300538DDC /* SpaceMono-Regular.ttf in Resources */,
				CF3335112DEB6B6300538DDC /* SpaceMono-Bold.ttf in Resources */,
				CF3335082DEB6B4B00538DDC /* SpaceGrotesk-Bold.ttf in Resources */,
				CF3335092DEB6B4B00538DDC /* SpaceGrotesk-Medium.ttf in Resources */,
				CF93EB012C5E679700A98ABD /* PrivacyInfo.xcprivacy in Resources */,
				CF21843829F0525E0060706C /* Assets.xcassets in Resources */,
			);
			runOnlyForDeploymentPostprocessing = 0;
		};
/* End PBXResourcesBuildPhase section */

/* Begin PBXSourcesBuildPhase section */
		CF21842C29F052590060706C /* Sources */ = {
			isa = PBXSourcesBuildPhase;
			buildActionMask = 2147483647;
			files = (
				CF21843629F052590060706C /* ContentView.swift in Sources */,
				CF21843429F052590060706C /* GustavTimerApp.swift in Sources */,
			);
			runOnlyForDeploymentPostprocessing = 0;
		};
/* End PBXSourcesBuildPhase section */

/* Begin XCBuildConfiguration section */
		CF21843C29F0525E0060706C /* Debug */ = {
			isa = XCBuildConfiguration;
			buildSettings = {
				ALWAYS_SEARCH_USER_PATHS = NO;
				ASSETCATALOG_COMPILER_GENERATE_SWIFT_ASSET_SYMBOL_EXTENSIONS = YES;
				CLANG_ANALYZER_LOCALIZABILITY_NONLOCALIZED = YES;
				CLANG_ANALYZER_NONNULL = YES;
				CLANG_ANALYZER_NUMBER_OBJECT_CONVERSION = YES_AGGRESSIVE;
				CLANG_CXX_LANGUAGE_STANDARD = "gnu++20";
				CLANG_ENABLE_MODULES = YES;
				CLANG_ENABLE_OBJC_ARC = YES;
				CLANG_ENABLE_OBJC_WEAK = YES;
				CLANG_WARN_BLOCK_CAPTURE_AUTORELEASING = YES;
				CLANG_WARN_BOOL_CONVERSION = YES;
				CLANG_WARN_COMMA = YES;
				CLANG_WARN_CONSTANT_CONVERSION = YES;
				CLANG_WARN_DEPRECATED_OBJC_IMPLEMENTATIONS = YES;
				CLANG_WARN_DIRECT_OBJC_ISA_USAGE = YES_ERROR;
				CLANG_WARN_DOCUMENTATION_COMMENTS = YES;
				CLANG_WARN_EMPTY_BODY = YES;
				CLANG_WARN_ENUM_CONVERSION = YES;
				CLANG_WARN_INFINITE_RECURSION = YES;
				CLANG_WARN_INT_CONVERSION = YES;
				CLANG_WARN_NON_LITERAL_NULL_CONVERSION = YES;
				CLANG_WARN_OBJC_IMPLICIT_RETAIN_SELF = YES;
				CLANG_WARN_OBJC_LITERAL_CONVERSION = YES;
				CLANG_WARN_OBJC_ROOT_CLASS = YES_ERROR;
				CLANG_WARN_QUOTED_INCLUDE_IN_FRAMEWORK_HEADER = YES;
				CLANG_WARN_RANGE_LOOP_ANALYSIS = YES;
				CLANG_WARN_STRICT_PROTOTYPES = YES;
				CLANG_WARN_SUSPICIOUS_MOVE = YES;
				CLANG_WARN_UNGUARDED_AVAILABILITY = YES_AGGRESSIVE;
				CLANG_WARN_UNREACHABLE_CODE = YES;
				CLANG_WARN__DUPLICATE_METHOD_MATCH = YES;
				COPY_PHASE_STRIP = NO;
				DEBUG_INFORMATION_FORMAT = dwarf;
				ENABLE_STRICT_OBJC_MSGSEND = YES;
				ENABLE_TESTABILITY = YES;
				ENABLE_USER_SCRIPT_SANDBOXING = YES;
				GCC_C_LANGUAGE_STANDARD = gnu11;
				GCC_DYNAMIC_NO_PIC = NO;
				GCC_NO_COMMON_BLOCKS = YES;
				GCC_OPTIMIZATION_LEVEL = 0;
				GCC_PREPROCESSOR_DEFINITIONS = (
					"DEBUG=1",
					"$(inherited)",
				);
				GCC_WARN_64_TO_32_BIT_CONVERSION = YES;
				GCC_WARN_ABOUT_RETURN_TYPE = YES_ERROR;
				GCC_WARN_UNDECLARED_SELECTOR = YES;
				GCC_WARN_UNINITIALIZED_AUTOS = YES_AGGRESSIVE;
				GCC_WARN_UNUSED_FUNCTION = YES;
				GCC_WARN_UNUSED_VARIABLE = YES;
				IPHONEOS_DEPLOYMENT_TARGET = 16.4;
				MTL_ENABLE_DEBUG_INFO = INCLUDE_SOURCE;
				MTL_FAST_MATH = YES;
				ONLY_ACTIVE_ARCH = YES;
				SDKROOT = iphoneos;
				SWIFT_ACTIVE_COMPILATION_CONDITIONS = DEBUG;
				SWIFT_OPTIMIZATION_LEVEL = "-Onone";
			};
			name = Debug;
		};
		CF21843D29F0525E0060706C /* Release */ = {
			isa = XCBuildConfiguration;
			buildSettings = {
				ALWAYS_SEARCH_USER_PATHS = NO;
				ASSETCATALOG_COMPILER_GENERATE_SWIFT_ASSET_SYMBOL_EXTENSIONS = YES;
				CLANG_ANALYZER_LOCALIZABILITY_NONLOCALIZED = YES;
				CLANG_ANALYZER_NONNULL = YES;
				CLANG_ANALYZER_NUMBER_OBJECT_CONVERSION = YES_AGGRESSIVE;
				CLANG_CXX_LANGUAGE_STANDARD = "gnu++20";
				CLANG_ENABLE_MODULES = YES;
				CLANG_ENABLE_OBJC_ARC = YES;
				CLANG_ENABLE_OBJC_WEAK = YES;
				CLANG_WARN_BLOCK_CAPTURE_AUTORELEASING = YES;
				CLANG_WARN_BOOL_CONVERSION = YES;
				CLANG_WARN_COMMA = YES;
				CLANG_WARN_CONSTANT_CONVERSION = YES;
				CLANG_WARN_DEPRECATED_OBJC_IMPLEMENTATIONS = YES;
				CLANG_WARN_DIRECT_OBJC_ISA_USAGE = YES_ERROR;
				CLANG_WARN_DOCUMENTATION_COMMENTS = YES;
				CLANG_WARN_EMPTY_BODY = YES;
				CLANG_WARN_ENUM_CONVERSION = YES;
				CLANG_WARN_INFINITE_RECURSION = YES;
				CLANG_WARN_INT_CONVERSION = YES;
				CLANG_WARN_NON_LITERAL_NULL_CONVERSION = YES;
				CLANG_WARN_OBJC_IMPLICIT_RETAIN_SELF = YES;
				CLANG_WARN_OBJC_LITERAL_CONVERSION = YES;
				CLANG_WARN_OBJC_ROOT_CLASS = YES_ERROR;
				CLANG_WARN_QUOTED_INCLUDE_IN_FRAMEWORK_HEADER = YES;
				CLANG_WARN_RANGE_LOOP_ANALYSIS = YES;
				CLANG_WARN_STRICT_PROTOTYPES = YES;
				CLANG_WARN_SUSPICIOUS_MOVE = YES;
				CLANG_WARN_UNGUARDED_AVAILABILITY = YES_AGGRESSIVE;
				CLANG_WARN_UNREACHABLE_CODE = YES;
				CLANG_WARN__DUPLICATE_METHOD_MATCH = YES;
				COPY_PHASE_STRIP = NO;
				DEBUG_INFORMATION_FORMAT = "dwarf-with-dsym";
				ENABLE_NS_ASSERTIONS = NO;
				ENABLE_STRICT_OBJC_MSGSEND = YES;
				ENABLE_USER_SCRIPT_SANDBOXING = YES;
				GCC_C_LANGUAGE_STANDARD = gnu11;
				GCC_NO_COMMON_BLOCKS = YES;
				GCC_WARN_64_TO_32_BIT_CONVERSION = YES;
				GCC_WARN_ABOUT_RETURN_TYPE = YES_ERROR;
				GCC_WARN_UNDECLARED_SELECTOR = YES;
				GCC_WARN_UNINITIALIZED_AUTOS = YES_AGGRESSIVE;
				GCC_WARN_UNUSED_FUNCTION = YES;
				GCC_WARN_UNUSED_VARIABLE = YES;
				IPHONEOS_DEPLOYMENT_TARGET = 16.4;
				MTL_ENABLE_DEBUG_INFO = NO;
				MTL_FAST_MATH = YES;
				SDKROOT = iphoneos;
				SWIFT_COMPILATION_MODE = wholemodule;
				SWIFT_OPTIMIZATION_LEVEL = "-O";
				VALIDATE_PRODUCT = YES;
			};
			name = Release;
		};
		CF21843F29F0525E0060706C /* Debug */ = {
			isa = XCBuildConfiguration;
			buildSettings = {
				ASSETCATALOG_COMPILER_APPICON_NAME = AppIcon;
				ASSETCATALOG_COMPILER_GLOBAL_ACCENT_COLOR_NAME = AccentColor;
				ASSETCATALOG_COMPILER_INCLUDE_ALL_APPICON_ASSETS = YES;
				CODE_SIGN_STYLE = Automatic;
				CURRENT_PROJECT_VERSION = 1;
				DEVELOPMENT_ASSET_PATHS = "\"GustavTimer/Preview Content\"";
				DEVELOPMENT_TEAM = BY8G7HDNPV;
				ENABLE_PREVIEWS = YES;
				GENERATE_INFOPLIST_FILE = YES;
				INFOPLIST_FILE = GustavTimer/Info.plist;
				INFOPLIST_KEY_CFBundleDisplayName = "Gustav Timer";
				INFOPLIST_KEY_UIApplicationSceneManifest_Generation = YES;
				INFOPLIST_KEY_UIApplicationSupportsIndirectInputEvents = YES;
				INFOPLIST_KEY_UILaunchScreen_Generation = YES;
				INFOPLIST_KEY_UIRequiresFullScreen = NO;
				INFOPLIST_KEY_UIStatusBarHidden = YES;
				INFOPLIST_KEY_UISupportedInterfaceOrientations = UIInterfaceOrientationPortrait;
				INFOPLIST_KEY_UISupportedInterfaceOrientations_iPad = "UIInterfaceOrientationLandscapeLeft UIInterfaceOrientationLandscapeRight UIInterfaceOrientationPortrait UIInterfaceOrientationPortraitUpsideDown";
				IPHONEOS_DEPLOYMENT_TARGET = 17.0;
				LD_RUNPATH_SEARCH_PATHS = (
					"$(inherited)",
					"@executable_path/Frameworks",
				);
				MARKETING_VERSION = 1.4.3;
				PRODUCT_BUNDLE_IDENTIFIER = cz.daliborjanecek.GustavTimer;
				PRODUCT_NAME = "$(TARGET_NAME)";
				SUPPORTED_PLATFORMS = "iphoneos iphonesimulator";
				SUPPORTS_MACCATALYST = NO;
				SUPPORTS_MAC_DESIGNED_FOR_IPHONE_IPAD = YES;
				SUPPORTS_XR_DESIGNED_FOR_IPHONE_IPAD = NO;
				SWIFT_EMIT_LOC_STRINGS = YES;
				SWIFT_VERSION = 5.0;
				TARGETED_DEVICE_FAMILY = "1,2";
			};
			name = Debug;
		};
		CF21844029F0525E0060706C /* Release */ = {
			isa = XCBuildConfiguration;
			buildSettings = {
				ASSETCATALOG_COMPILER_APPICON_NAME = AppIcon;
				ASSETCATALOG_COMPILER_GLOBAL_ACCENT_COLOR_NAME = AccentColor;
				ASSETCATALOG_COMPILER_INCLUDE_ALL_APPICON_ASSETS = YES;
				CODE_SIGN_IDENTITY = "Apple Development";
				CODE_SIGN_STYLE = Automatic;
				CURRENT_PROJECT_VERSION = 1;
				DEVELOPMENT_ASSET_PATHS = "\"GustavTimer/Preview Content\"";
				DEVELOPMENT_TEAM = BY8G7HDNPV;
				ENABLE_PREVIEWS = YES;
				GENERATE_INFOPLIST_FILE = YES;
				INFOPLIST_FILE = GustavTimer/Info.plist;
				INFOPLIST_KEY_CFBundleDisplayName = "Gustav Timer";
				INFOPLIST_KEY_UIApplicationSceneManifest_Generation = YES;
				INFOPLIST_KEY_UIApplicationSupportsIndirectInputEvents = YES;
				INFOPLIST_KEY_UILaunchScreen_Generation = YES;
				INFOPLIST_KEY_UIRequiresFullScreen = NO;
				INFOPLIST_KEY_UIStatusBarHidden = YES;
				INFOPLIST_KEY_UISupportedInterfaceOrientations = UIInterfaceOrientationPortrait;
				INFOPLIST_KEY_UISupportedInterfaceOrientations_iPad = "UIInterfaceOrientationLandscapeLeft UIInterfaceOrientationLandscapeRight UIInterfaceOrientationPortrait UIInterfaceOrientationPortraitUpsideDown";
				IPHONEOS_DEPLOYMENT_TARGET = 17.0;
				LD_RUNPATH_SEARCH_PATHS = (
					"$(inherited)",
					"@executable_path/Frameworks",
				);
				MARKETING_VERSION = 1.4.3;
				PRODUCT_BUNDLE_IDENTIFIER = cz.daliborjanecek.GustavTimer;
				PRODUCT_NAME = "$(TARGET_NAME)";
				PROVISIONING_PROFILE_SPECIFIER = "";
				SUPPORTED_PLATFORMS = "iphoneos iphonesimulator";
				SUPPORTS_MACCATALYST = NO;
				SUPPORTS_MAC_DESIGNED_FOR_IPHONE_IPAD = YES;
				SUPPORTS_XR_DESIGNED_FOR_IPHONE_IPAD = NO;
				SWIFT_EMIT_LOC_STRINGS = YES;
				SWIFT_VERSION = 5.0;
				TARGETED_DEVICE_FAMILY = "1,2";
			};
			name = Release;
		};
/* End XCBuildConfiguration section */

/* Begin XCConfigurationList section */
		CF21842B29F052590060706C /* Build configuration list for PBXProject "GustavTimer" */ = {
			isa = XCConfigurationList;
			buildConfigurations = (
				CF21843C29F0525E0060706C /* Debug */,
				CF21843D29F0525E0060706C /* Release */,
			);
			defaultConfigurationIsVisible = 0;
			defaultConfigurationName = Release;
		};
		CF21843E29F0525E0060706C /* Build configuration list for PBXNativeTarget "GustavTimer" */ = {
			isa = XCConfigurationList;
			buildConfigurations = (
				CF21843F29F0525E0060706C /* Debug */,
				CF21844029F0525E0060706C /* Release */,
			);
			defaultConfigurationIsVisible = 0;
			defaultConfigurationName = Release;
		};
/* End XCConfigurationList section */
	};
	rootObject = CF21842829F052590060706C /* Project object */;
}
