// !$*UTF8*$!
{
	archiveVersion = 1;
	classes = {
	};
	objectVersion = 56;
	objects = {

/* Begin PBXBuildFile section */
		CF01945C2C8A20D700CAC1BD /* SoundSettingsView.swift in Sources */ = {isa = PBXBuildFile; fileRef = CF01945B2C8A20D700CAC1BD /* SoundSettingsView.swift */; };
		CF10D0562E73371F00F84454 /* RoundsSettingsView.swift in Sources */ = {isa = PBXBuildFile; fileRef = CF10D0552E73371800F84454 /* RoundsSettingsView.swift */; };
		CF21843429F052590060706C /* GustavTimerApp.swift in Sources */ = {isa = PBXBuildFile; fileRef = CF21843329F052590060706C /* GustavTimerApp.swift */; };
		CF21843629F052590060706C /* ContentView.swift in Sources */ = {isa = PBXBuildFile; fileRef = CF21843529F052590060706C /* ContentView.swift */; };
		CF21843829F0525E0060706C /* Assets.xcassets in Resources */ = {isa = PBXBuildFile; fileRef = CF21843729F0525E0060706C /* Assets.xcassets */; };
		CF21843B29F0525E0060706C /* Preview Assets.xcassets in Resources */ = {isa = PBXBuildFile; fileRef = CF21843A29F0525E0060706C /* Preview Assets.xcassets */; };
		CF21844229F0528C0060706C /* TimerViewModel.swift in Sources */ = {isa = PBXBuildFile; fileRef = CF21844129F0528C0060706C /* TimerViewModel.swift */; };
		CF2222D02E353EA600A90265 /* TimerView.swift in Sources */ = {isa = PBXBuildFile; fileRef = CF2222CF2E353EA300A90265 /* TimerView.swift */; };
		CF2222D42E35402500A90265 /* SettingsViewModel.swift in Sources */ = {isa = PBXBuildFile; fileRef = CF2222D32E35402000A90265 /* SettingsViewModel.swift */; };
		CF2222DA2E355A8200A90265 /* TimerData.swift in Sources */ = {isa = PBXBuildFile; fileRef = CF2222D92E355A8000A90265 /* TimerData.swift */; };
		CF279C4C2C31A8940084C43F /* SoundManager.swift in Sources */ = {isa = PBXBuildFile; fileRef = CF279C4B2C31A8940084C43F /* SoundManager.swift */; };
		CF3A14912E47250800F734F4 /* TimeDisplayFormat.swift in Sources */ = {isa = PBXBuildFile; fileRef = CF3A14902E47250800F734F4 /* TimeDisplayFormat.swift */; };
		CF3A14932E47251B00F734F4 /* TimeDisplayFormatView.swift in Sources */ = {isa = PBXBuildFile; fileRef = CF3A14922E47251B00F734F4 /* TimeDisplayFormatView.swift */; };
		CF70037D2C8DE816009F1531 /* HintButton.swift in Sources */ = {isa = PBXBuildFile; fileRef = CF70037C2C8DE816009F1531 /* HintButton.swift */; };
		CF70037F2C8DED37009F1531 /* BackgroundSelectorView.swift in Sources */ = {isa = PBXBuildFile; fileRef = CF70037E2C8DED37009F1531 /* BackgroundSelectorView.swift */; };
		CF7B1B412C8F6BD3005D4664 /* IntervalData.swift in Sources */ = {isa = PBXBuildFile; fileRef = CF7B1B402C8F6BD3005D4664 /* IntervalData.swift */; };
		CF7BCED72BB881C900A65EF1 /* CustomImageModel.swift in Sources */ = {isa = PBXBuildFile; fileRef = CF7BCED62BB881C900A65EF1 /* CustomImageModel.swift */; };
		CF8C07B22E3D5AED0083ED1D /* SpaceGrotesk-Medium.ttf in Resources */ = {isa = PBXBuildFile; fileRef = CF8C07AF2E3D5AED0083ED1D /* SpaceGrotesk-Medium.ttf */; };
		CF8C07B32E3D5AED0083ED1D /* SpaceGrotesk-SemiBold.ttf in Resources */ = {isa = PBXBuildFile; fileRef = CF8C07B12E3D5AED0083ED1D /* SpaceGrotesk-SemiBold.ttf */; };
		CF8C07B42E3D5AED0083ED1D /* SpaceGrotesk-Bold.ttf in Resources */ = {isa = PBXBuildFile; fileRef = CF8C07AD2E3D5AED0083ED1D /* SpaceGrotesk-Bold.ttf */; };
		CF8C07B52E3D5AED0083ED1D /* SpaceGrotesk-Regular.ttf in Resources */ = {isa = PBXBuildFile; fileRef = CF8C07B02E3D5AED0083ED1D /* SpaceGrotesk-Regular.ttf */; };
		CF8C07B62E3D5AED0083ED1D /* SpaceGrotesk-Light.ttf in Resources */ = {isa = PBXBuildFile; fileRef = CF8C07AE2E3D5AED0083ED1D /* SpaceGrotesk-Light.ttf */; };
		CF8C07BA2E3DFD9B0083ED1D /* Theme.swift in Sources */ = {isa = PBXBuildFile; fileRef = CF8C07B92E3DFD990083ED1D /* Theme.swift */; };
		CF8C07BF2E3E04250083ED1D /* SpaceMono-Regular.ttf in Resources */ = {isa = PBXBuildFile; fileRef = CF8C07BE2E3E04250083ED1D /* SpaceMono-Regular.ttf */; };
		CF8C07C02E3E04250083ED1D /* SpaceMono-Italic.ttf in Resources */ = {isa = PBXBuildFile; fileRef = CF8C07BD2E3E04250083ED1D /* SpaceMono-Italic.ttf */; };
		CF8C07C12E3E04250083ED1D /* SpaceMono-BoldItalic.ttf in Resources */ = {isa = PBXBuildFile; fileRef = CF8C07BC2E3E04250083ED1D /* SpaceMono-BoldItalic.ttf */; };
		CF8C07C22E3E04250083ED1D /* SpaceMono-Bold.ttf in Resources */ = {isa = PBXBuildFile; fileRef = CF8C07BB2E3E04250083ED1D /* SpaceMono-Bold.ttf */; };
		CF8C07C72E3E64100083ED1D /* RiveRuntime in Frameworks */ = {isa = PBXBuildFile; productRef = CF8C07C62E3E64100083ED1D /* RiveRuntime */; };
		CF8C07CD2E3E673C0083ED1D /* reset.riv in Resources */ = {isa = PBXBuildFile; fileRef = CF8C07CC2E3E673C0083ED1D /* reset.riv */; };
		CF8E14672D17404900155BE8 /* VideoPlayerFullscreen.swift in Sources */ = {isa = PBXBuildFile; fileRef = CF8E14662D17403900155BE8 /* VideoPlayerFullscreen.swift */; };
		CF8E146B2D1745DB00155BE8 /* MonthlyMenuItem.swift in Sources */ = {isa = PBXBuildFile; fileRef = CF8E146A2D1745CC00155BE8 /* MonthlyMenuItem.swift */; };
		CF93EAF22C5E4C6B00A98ABD /* 90s-final.mp3 in Resources */ = {isa = PBXBuildFile; fileRef = CF93EAF02C5E4C6B00A98ABD /* 90s-final.mp3 */; };
		CF93EAF32C5E4C6B00A98ABD /* 90s-countdown.mp3 in Resources */ = {isa = PBXBuildFile; fileRef = CF93EAF12C5E4C6B00A98ABD /* 90s-countdown.mp3 */; };
		CF93EAF52C5E4F6200A98ABD /* bell-final.mp3 in Resources */ = {isa = PBXBuildFile; fileRef = CF93EAF42C5E4F6200A98ABD /* bell-final.mp3 */; };
		CF93EAF72C5E543100A98ABD /* trumpet-final.mp3 in Resources */ = {isa = PBXBuildFile; fileRef = CF93EAF62C5E543100A98ABD /* trumpet-final.mp3 */; };
		CF93EAFA2C5E551600A98ABD /* beep-countdown.mp3 in Resources */ = {isa = PBXBuildFile; fileRef = CF93EAF82C5E551600A98ABD /* beep-countdown.mp3 */; };
		CF93EAFB2C5E551600A98ABD /* beep-final.mp3 in Resources */ = {isa = PBXBuildFile; fileRef = CF93EAF92C5E551600A98ABD /* beep-final.mp3 */; };
		CF93EAFE2C5E569400A98ABD /* game-countdown.mp3 in Resources */ = {isa = PBXBuildFile; fileRef = CF93EAFC2C5E569400A98ABD /* game-countdown.mp3 */; };
		CF93EAFF2C5E569400A98ABD /* game-final.mp3 in Resources */ = {isa = PBXBuildFile; fileRef = CF93EAFD2C5E569400A98ABD /* game-final.mp3 */; };
		CF93EB012C5E679700A98ABD /* PrivacyInfo.xcprivacy in Resources */ = {isa = PBXBuildFile; fileRef = CF93EB002C5E679700A98ABD /* PrivacyInfo.xcprivacy */; };
		CF9922AD2C8F84C9004186DF /* AppConfig.swift in Sources */ = {isa = PBXBuildFile; fileRef = CF9922AC2C8F84C9004186DF /* AppConfig.swift */; };
		CF9922AF2C920C51004186DF /* Image+Extension.swift in Sources */ = {isa = PBXBuildFile; fileRef = CF9922AE2C920C51004186DF /* Image+Extension.swift */; };
		CF9922B12C959AC1004186DF /* ControlButton.swift in Sources */ = {isa = PBXBuildFile; fileRef = CF9922B02C959AC1004186DF /* ControlButton.swift */; };
		CFADBCF22AC9C8AE00AE27D8 /* ProgressArrayView.swift in Sources */ = {isa = PBXBuildFile; fileRef = CFADBCF12AC9C8AE00AE27D8 /* ProgressArrayView.swift */; };
		CFADBCF42AC9DC7B00AE27D8 /* SettingsView.swift in Sources */ = {isa = PBXBuildFile; fileRef = CFADBCF32AC9DC7B00AE27D8 /* SettingsView.swift */; };
		CFB1394D2AE572D300EE8B2C /* BackgroundImageView.swift in Sources */ = {isa = PBXBuildFile; fileRef = CFB1394C2AE572D300EE8B2C /* BackgroundImageView.swift */; };
		CFB1394F2AE59ED900EE8B2C /* BackgroundImageModel.swift in Sources */ = {isa = PBXBuildFile; fileRef = CFB1394E2AE59ED900EE8B2C /* BackgroundImageModel.swift */; };
		CFC3A7722AAF8B1B00BB8CC2 /* ProgressBar.swift in Sources */ = {isa = PBXBuildFile; fileRef = CFC3A7712AAF8B1B00BB8CC2 /* ProgressBar.swift */; };
		CFC4C1852D04766D0086CEBB /* Tag.swift in Sources */ = {isa = PBXBuildFile; fileRef = CFC4C1842D04766D0086CEBB /* Tag.swift */; };
		CFC4C1872D047C1D0086CEBB /* WhatsNewView.swift in Sources */ = {isa = PBXBuildFile; fileRef = CFC4C1862D047C1D0086CEBB /* WhatsNewView.swift */; };
		CFCD99D02CA068B00017BD0E /* ListButton.swift in Sources */ = {isa = PBXBuildFile; fileRef = CFCD99CF2CA068B00017BD0E /* ListButton.swift */; };
		CFCE3C762C431EC900D33AE3 /* View+Extension.swift in Sources */ = {isa = PBXBuildFile; fileRef = CFCE3C752C431EC900D33AE3 /* View+Extension.swift */; };
		CFF207D62E6CA9BA00D0C369 /* FavouritesEmptyView.swift in Sources */ = {isa = PBXBuildFile; fileRef = CFF207D52E6CA9B300D0C369 /* FavouritesEmptyView.swift */; };
		CFF207D82E6CA9F900D0C369 /* FavouritesItemView.swift in Sources */ = {isa = PBXBuildFile; fileRef = CFF207D72E6CA9F300D0C369 /* FavouritesItemView.swift */; };
		CFF71ACC2B8B99BC00884E82 /* Localizable.xcstrings in Resources */ = {isa = PBXBuildFile; fileRef = CFF71ACB2B8B99BC00884E82 /* Localizable.xcstrings */; };
		CFFEC2B62D184F9800E4C157 /* MonthlyConfig.swift in Sources */ = {isa = PBXBuildFile; fileRef = CFFEC2B52D184F8B00E4C157 /* MonthlyConfig.swift */; };
/* End PBXBuildFile section */

/* Begin PBXFileReference section */
		CF01945B2C8A20D700CAC1BD /* SoundSettingsView.swift */ = {isa = PBXFileReference; lastKnownFileType = sourcecode.swift; path = SoundSettingsView.swift; sourceTree = "<group>"; };
		CF10D0552E73371800F84454 /* RoundsSettingsView.swift */ = {isa = PBXFileReference; lastKnownFileType = sourcecode.swift; path = RoundsSettingsView.swift; sourceTree = "<group>"; };
		CF21843029F052590060706C /* GustavTimer.app */ = {isa = PBXFileReference; explicitFileType = wrapper.application; includeInIndex = 0; path = GustavTimer.app; sourceTree = BUILT_PRODUCTS_DIR; };
		CF21843329F052590060706C /* GustavTimerApp.swift */ = {isa = PBXFileReference; lastKnownFileType = sourcecode.swift; path = GustavTimerApp.swift; sourceTree = "<group>"; };
		CF21843529F052590060706C /* ContentView.swift */ = {isa = PBXFileReference; lastKnownFileType = sourcecode.swift; path = ContentView.swift; sourceTree = "<group>"; };
		CF21843729F0525E0060706C /* Assets.xcassets */ = {isa = PBXFileReference; lastKnownFileType = folder.assetcatalog; path = Assets.xcassets; sourceTree = "<group>"; };
		CF21843A29F0525E0060706C /* Preview Assets.xcassets */ = {isa = PBXFileReference; lastKnownFileType = folder.assetcatalog; path = "Preview Assets.xcassets"; sourceTree = "<group>"; };
		CF21844129F0528C0060706C /* TimerViewModel.swift */ = {isa = PBXFileReference; lastKnownFileType = sourcecode.swift; path = TimerViewModel.swift; sourceTree = "<group>"; };
		CF2222CF2E353EA300A90265 /* TimerView.swift */ = {isa = PBXFileReference; lastKnownFileType = sourcecode.swift; path = TimerView.swift; sourceTree = "<group>"; };
		CF2222D32E35402000A90265 /* SettingsViewModel.swift */ = {isa = PBXFileReference; lastKnownFileType = sourcecode.swift; path = SettingsViewModel.swift; sourceTree = "<group>"; };
		CF2222D92E355A8000A90265 /* TimerData.swift */ = {isa = PBXFileReference; lastKnownFileType = sourcecode.swift; path = TimerData.swift; sourceTree = "<group>"; };
		CF279C4B2C31A8940084C43F /* SoundManager.swift */ = {isa = PBXFileReference; lastKnownFileType = sourcecode.swift; path = SoundManager.swift; sourceTree = "<group>"; };
		CF3A14902E47250800F734F4 /* TimeDisplayFormat.swift */ = {isa = PBXFileReference; lastKnownFileType = sourcecode.swift; path = TimeDisplayFormat.swift; sourceTree = "<group>"; };
		CF3A14922E47251B00F734F4 /* TimeDisplayFormatView.swift */ = {isa = PBXFileReference; lastKnownFileType = sourcecode.swift; path = TimeDisplayFormatView.swift; sourceTree = "<group>"; };
		CF5B11122AD33CE500F42131 /* Info.plist */ = {isa = PBXFileReference; lastKnownFileType = text.plist; path = Info.plist; sourceTree = "<group>"; };
		CF70037C2C8DE816009F1531 /* HintButton.swift */ = {isa = PBXFileReference; lastKnownFileType = sourcecode.swift; path = HintButton.swift; sourceTree = "<group>"; };
		CF70037E2C8DED37009F1531 /* BackgroundSelectorView.swift */ = {isa = PBXFileReference; lastKnownFileType = sourcecode.swift; path = BackgroundSelectorView.swift; sourceTree = "<group>"; };
		CF7B1B402C8F6BD3005D4664 /* IntervalData.swift */ = {isa = PBXFileReference; lastKnownFileType = sourcecode.swift; path = IntervalData.swift; sourceTree = "<group>"; };
		CF7BCED62BB881C900A65EF1 /* CustomImageModel.swift */ = {isa = PBXFileReference; lastKnownFileType = sourcecode.swift; path = CustomImageModel.swift; sourceTree = "<group>"; };
		CF8C07AD2E3D5AED0083ED1D /* SpaceGrotesk-Bold.ttf */ = {isa = PBXFileReference; lastKnownFileType = file; path = "SpaceGrotesk-Bold.ttf"; sourceTree = "<group>"; };
		CF8C07AE2E3D5AED0083ED1D /* SpaceGrotesk-Light.ttf */ = {isa = PBXFileReference; lastKnownFileType = file; path = "SpaceGrotesk-Light.ttf"; sourceTree = "<group>"; };
		CF8C07AF2E3D5AED0083ED1D /* SpaceGrotesk-Medium.ttf */ = {isa = PBXFileReference; lastKnownFileType = file; path = "SpaceGrotesk-Medium.ttf"; sourceTree = "<group>"; };
		CF8C07B02E3D5AED0083ED1D /* SpaceGrotesk-Regular.ttf */ = {isa = PBXFileReference; lastKnownFileType = file; path = "SpaceGrotesk-Regular.ttf"; sourceTree = "<group>"; };
		CF8C07B12E3D5AED0083ED1D /* SpaceGrotesk-SemiBold.ttf */ = {isa = PBXFileReference; lastKnownFileType = file; path = "SpaceGrotesk-SemiBold.ttf"; sourceTree = "<group>"; };
		CF8C07B92E3DFD990083ED1D /* Theme.swift */ = {isa = PBXFileReference; lastKnownFileType = sourcecode.swift; path = Theme.swift; sourceTree = "<group>"; };
		CF8C07BB2E3E04250083ED1D /* SpaceMono-Bold.ttf */ = {isa = PBXFileReference; lastKnownFileType = file; path = "SpaceMono-Bold.ttf"; sourceTree = "<group>"; };
		CF8C07BC2E3E04250083ED1D /* SpaceMono-BoldItalic.ttf */ = {isa = PBXFileReference; lastKnownFileType = file; path = "SpaceMono-BoldItalic.ttf"; sourceTree = "<group>"; };
		CF8C07BD2E3E04250083ED1D /* SpaceMono-Italic.ttf */ = {isa = PBXFileReference; lastKnownFileType = file; path = "SpaceMono-Italic.ttf"; sourceTree = "<group>"; };
		CF8C07BE2E3E04250083ED1D /* SpaceMono-Regular.ttf */ = {isa = PBXFileReference; lastKnownFileType = file; path = "SpaceMono-Regular.ttf"; sourceTree = "<group>"; };
		CF8C07CC2E3E673C0083ED1D /* reset.riv */ = {isa = PBXFileReference; lastKnownFileType = file; path = reset.riv; sourceTree = "<group>"; };
		CF8E14662D17403900155BE8 /* VideoPlayerFullscreen.swift */ = {isa = PBXFileReference; lastKnownFileType = sourcecode.swift; path = VideoPlayerFullscreen.swift; sourceTree = "<group>"; };
		CF8E146A2D1745CC00155BE8 /* MonthlyMenuItem.swift */ = {isa = PBXFileReference; lastKnownFileType = sourcecode.swift; path = MonthlyMenuItem.swift; sourceTree = "<group>"; };
		CF93EAF02C5E4C6B00A98ABD /* 90s-final.mp3 */ = {isa = PBXFileReference; lastKnownFileType = audio.mp3; path = "90s-final.mp3"; sourceTree = "<group>"; };
		CF93EAF12C5E4C6B00A98ABD /* 90s-countdown.mp3 */ = {isa = PBXFileReference; lastKnownFileType = audio.mp3; path = "90s-countdown.mp3"; sourceTree = "<group>"; };
		CF93EAF42C5E4F6200A98ABD /* bell-final.mp3 */ = {isa = PBXFileReference; lastKnownFileType = audio.mp3; path = "bell-final.mp3"; sourceTree = "<group>"; };
		CF93EAF62C5E543100A98ABD /* trumpet-final.mp3 */ = {isa = PBXFileReference; lastKnownFileType = audio.mp3; path = "trumpet-final.mp3"; sourceTree = "<group>"; };
		CF93EAF82C5E551600A98ABD /* beep-countdown.mp3 */ = {isa = PBXFileReference; lastKnownFileType = audio.mp3; path = "beep-countdown.mp3"; sourceTree = "<group>"; };
		CF93EAF92C5E551600A98ABD /* beep-final.mp3 */ = {isa = PBXFileReference; lastKnownFileType = audio.mp3; path = "beep-final.mp3"; sourceTree = "<group>"; };
		CF93EAFC2C5E569400A98ABD /* game-countdown.mp3 */ = {isa = PBXFileReference; lastKnownFileType = audio.mp3; path = "game-countdown.mp3"; sourceTree = "<group>"; };
		CF93EAFD2C5E569400A98ABD /* game-final.mp3 */ = {isa = PBXFileReference; lastKnownFileType = audio.mp3; path = "game-final.mp3"; sourceTree = "<group>"; };
		CF93EB002C5E679700A98ABD /* PrivacyInfo.xcprivacy */ = {isa = PBXFileReference; lastKnownFileType = text.xml; path = PrivacyInfo.xcprivacy; sourceTree = "<group>"; };
		CF9922AC2C8F84C9004186DF /* AppConfig.swift */ = {isa = PBXFileReference; lastKnownFileType = sourcecode.swift; path = AppConfig.swift; sourceTree = "<group>"; };
		CF9922AE2C920C51004186DF /* Image+Extension.swift */ = {isa = PBXFileReference; lastKnownFileType = sourcecode.swift; path = "Image+Extension.swift"; sourceTree = "<group>"; };
		CF9922B02C959AC1004186DF /* ControlButton.swift */ = {isa = PBXFileReference; lastKnownFileType = sourcecode.swift; path = ControlButton.swift; sourceTree = "<group>"; };
		CFADBCF12AC9C8AE00AE27D8 /* ProgressArrayView.swift */ = {isa = PBXFileReference; lastKnownFileType = sourcecode.swift; path = ProgressArrayView.swift; sourceTree = "<group>"; };
		CFADBCF32AC9DC7B00AE27D8 /* SettingsView.swift */ = {isa = PBXFileReference; lastKnownFileType = sourcecode.swift; path = SettingsView.swift; sourceTree = "<group>"; };
		CFB1394C2AE572D300EE8B2C /* BackgroundImageView.swift */ = {isa = PBXFileReference; lastKnownFileType = sourcecode.swift; path = BackgroundImageView.swift; sourceTree = "<group>"; };
		CFB1394E2AE59ED900EE8B2C /* BackgroundImageModel.swift */ = {isa = PBXFileReference; lastKnownFileType = sourcecode.swift; path = BackgroundImageModel.swift; sourceTree = "<group>"; };
		CFC3A7712AAF8B1B00BB8CC2 /* ProgressBar.swift */ = {isa = PBXFileReference; lastKnownFileType = sourcecode.swift; path = ProgressBar.swift; sourceTree = "<group>"; };
		CFC4C1842D04766D0086CEBB /* Tag.swift */ = {isa = PBXFileReference; lastKnownFileType = sourcecode.swift; path = Tag.swift; sourceTree = "<group>"; };
		CFC4C1862D047C1D0086CEBB /* WhatsNewView.swift */ = {isa = PBXFileReference; lastKnownFileType = sourcecode.swift; path = WhatsNewView.swift; sourceTree = "<group>"; };
		CFCD99CF2CA068B00017BD0E /* ListButton.swift */ = {isa = PBXFileReference; lastKnownFileType = sourcecode.swift; path = ListButton.swift; sourceTree = "<group>"; };
		CFCE3C752C431EC900D33AE3 /* View+Extension.swift */ = {isa = PBXFileReference; lastKnownFileType = sourcecode.swift; path = "View+Extension.swift"; sourceTree = "<group>"; };
		CFF207D52E6CA9B300D0C369 /* FavouritesEmptyView.swift */ = {isa = PBXFileReference; lastKnownFileType = sourcecode.swift; path = FavouritesEmptyView.swift; sourceTree = "<group>"; };
		CFF207D72E6CA9F300D0C369 /* FavouritesItemView.swift */ = {isa = PBXFileReference; lastKnownFileType = sourcecode.swift; path = FavouritesItemView.swift; sourceTree = "<group>"; };
		CFF71ACB2B8B99BC00884E82 /* Localizable.xcstrings */ = {isa = PBXFileReference; lastKnownFileType = text.json.xcstrings; path = Localizable.xcstrings; sourceTree = "<group>"; };
		CFFEC2B52D184F8B00E4C157 /* MonthlyConfig.swift */ = {isa = PBXFileReference; lastKnownFileType = sourcecode.swift; path = MonthlyConfig.swift; sourceTree = "<group>"; };
/* End PBXFileReference section */

/* Begin PBXFrameworksBuildPhase section */
		CF21842D29F052590060706C /* Frameworks */ = {
			isa = PBXFrameworksBuildPhase;
			buildActionMask = 2147483647;
			files = (
				CF8C07C72E3E64100083ED1D /* RiveRuntime in Frameworks */,
			);
			runOnlyForDeploymentPostprocessing = 0;
		};
/* End PBXFrameworksBuildPhase section */

/* Begin PBXGroup section */
		CF21842729F052590060706C = {
			isa = PBXGroup;
			children = (
				CF21843229F052590060706C /* GustavTimer */,
				CF21843129F052590060706C /* Products */,
			);
			sourceTree = "<group>";
		};
		CF21843129F052590060706C /* Products */ = {
			isa = PBXGroup;
			children = (
				CF21843029F052590060706C /* GustavTimer.app */,
			);
			name = Products;
			sourceTree = "<group>";
		};
		CF21843229F052590060706C /* GustavTimer */ = {
			isa = PBXGroup;
			children = (
				CF9922BA2C9766DC004186DF /* Managers */,
				CF7B1B422C8F6BE2005D4664 /* Fonts */,
				CF7B1B3F2C8F6BA9005D4664 /* Models */,
				CFCE3C772C431EF400D33AE3 /* Extensions */,
				CFCE3C702C43104100D33AE3 /* Views */,
				CF279C462C31A0CF0084C43F /* Sound */,
				CF5B11122AD33CE500F42131 /* Info.plist */,
				CF9922AC2C8F84C9004186DF /* AppConfig.swift */,
				CF8C07CE2E3E6AC80083ED1D /* RiveAnimations */,
				CF8E14692D1745C300155BE8 /* MonthlyChallenge */,
				CF21843329F052590060706C /* GustavTimerApp.swift */,
				CF21843529F052590060706C /* ContentView.swift */,
				CF8C07B92E3DFD990083ED1D /* Theme.swift */,
				CF93EB002C5E679700A98ABD /* PrivacyInfo.xcprivacy */,
				CF21843729F0525E0060706C /* Assets.xcassets */,
				CF21843929F0525E0060706C /* Preview Content */,
				CFF71ACB2B8B99BC00884E82 /* Localizable.xcstrings */,
			);
			path = GustavTimer;
			sourceTree = "<group>";
		};
		CF21843929F0525E0060706C /* Preview Content */ = {
			isa = PBXGroup;
			children = (
				CF21843A29F0525E0060706C /* Preview Assets.xcassets */,
			);
			path = "Preview Content";
			sourceTree = "<group>";
		};
		CF2222D12E353FA100A90265 /* Timer */ = {
			isa = PBXGroup;
			children = (
				CF2222D62E354A3300A90265 /* SubViews */,
				CF21844129F0528C0060706C /* TimerViewModel.swift */,
				CF2222CF2E353EA300A90265 /* TimerView.swift */,
			);
			path = Timer;
			sourceTree = "<group>";
		};
		CF2222D22E353FE800A90265 /* Settings */ = {
			isa = PBXGroup;
			children = (
				CF2222D52E354A1900A90265 /* SubViews */,
				CF2222D32E35402000A90265 /* SettingsViewModel.swift */,
				CFADBCF32AC9DC7B00AE27D8 /* SettingsView.swift */,
			);
			path = Settings;
			sourceTree = "<group>";
		};
		CF2222D52E354A1900A90265 /* SubViews */ = {
			isa = PBXGroup;
			children = (
				CF10D0552E73371800F84454 /* RoundsSettingsView.swift */,
				CFF207D72E6CA9F300D0C369 /* FavouritesItemView.swift */,
				CFF207D52E6CA9B300D0C369 /* FavouritesEmptyView.swift */,
				CF3A14922E47251B00F734F4 /* TimeDisplayFormatView.swift */,
				CF01945B2C8A20D700CAC1BD /* SoundSettingsView.swift */,
				CF70037E2C8DED37009F1531 /* BackgroundSelectorView.swift */,
			);
			path = SubViews;
			sourceTree = "<group>";
		};
		CF2222D62E354A3300A90265 /* SubViews */ = {
			isa = PBXGroup;
			children = (
				CFADBCF12AC9C8AE00AE27D8 /* ProgressArrayView.swift */,
				CF8E14662D17403900155BE8 /* VideoPlayerFullscreen.swift */,
				CFB1394C2AE572D300EE8B2C /* BackgroundImageView.swift */,
			);
			path = SubViews;
			sourceTree = "<group>";
		};
		CF2222D72E354A6A00A90265 /* WhatsNew */ = {
			isa = PBXGroup;
			children = (
				CFC4C1862D047C1D0086CEBB /* WhatsNewView.swift */,
			);
			path = WhatsNew;
			sourceTree = "<group>";
		};
		CF279C462C31A0CF0084C43F /* Sound */ = {
			isa = PBXGroup;
			children = (
				CF93EAF12C5E4C6B00A98ABD /* 90s-countdown.mp3 */,
				CF93EAF82C5E551600A98ABD /* beep-countdown.mp3 */,
				CF93EAFC2C5E569400A98ABD /* game-countdown.mp3 */,
				CF93EAFD2C5E569400A98ABD /* game-final.mp3 */,
				CF93EAF92C5E551600A98ABD /* beep-final.mp3 */,
				CF93EAF62C5E543100A98ABD /* trumpet-final.mp3 */,
				CF93EAF42C5E4F6200A98ABD /* bell-final.mp3 */,
				CF93EAF02C5E4C6B00A98ABD /* 90s-final.mp3 */,
			);
			path = Sound;
			sourceTree = "<group>";
		};
		CF70037B2C8DE807009F1531 /* UI */ = {
			isa = PBXGroup;
			children = (
				CFC3A7712AAF8B1B00BB8CC2 /* ProgressBar.swift */,
				CF70037C2C8DE816009F1531 /* HintButton.swift */,
				CF9922B02C959AC1004186DF /* ControlButton.swift */,
				CFCD99CF2CA068B00017BD0E /* ListButton.swift */,
				CFC4C1842D04766D0086CEBB /* Tag.swift */,
			);
			path = UI;
			sourceTree = "<group>";
		};
		CF7B1B3F2C8F6BA9005D4664 /* Models */ = {
			isa = PBXGroup;
			children = (
				CF3A14902E47250800F734F4 /* TimeDisplayFormat.swift */,
				CF2222D92E355A8000A90265 /* TimerData.swift */,
				CFB1394E2AE59ED900EE8B2C /* BackgroundImageModel.swift */,
				CF7B1B402C8F6BD3005D4664 /* IntervalData.swift */,
				CF7BCED62BB881C900A65EF1 /* CustomImageModel.swift */,
			);
			path = Models;
			sourceTree = "<group>";
		};
		CF7B1B422C8F6BE2005D4664 /* Fonts */ = {
			isa = PBXGroup;
			children = (
				CF8C07AD2E3D5AED0083ED1D /* SpaceGrotesk-Bold.ttf */,
				CF8C07AE2E3D5AED0083ED1D /* SpaceGrotesk-Light.ttf */,
				CF8C07AF2E3D5AED0083ED1D /* SpaceGrotesk-Medium.ttf */,
				CF8C07B02E3D5AED0083ED1D /* SpaceGrotesk-Regular.ttf */,
				CF8C07B12E3D5AED0083ED1D /* SpaceGrotesk-SemiBold.ttf */,
				CF8C07BB2E3E04250083ED1D /* SpaceMono-Bold.ttf */,
				CF8C07BC2E3E04250083ED1D /* SpaceMono-BoldItalic.ttf */,
				CF8C07BD2E3E04250083ED1D /* SpaceMono-Italic.ttf */,
				CF8C07BE2E3E04250083ED1D /* SpaceMono-Regular.ttf */,
			);
			path = Fonts;
			sourceTree = "<group>";
		};
		CF8C07CE2E3E6AC80083ED1D /* RiveAnimations */ = {
			isa = PBXGroup;
			children = (
				CF8C07CC2E3E673C0083ED1D /* reset.riv */,
			);
			path = RiveAnimations;
			sourceTree = "<group>";
		};
		CF8E14692D1745C300155BE8 /* MonthlyChallenge */ = {
			isa = PBXGroup;
			children = (
				CFFEC2B52D184F8B00E4C157 /* MonthlyConfig.swift */,
				CF8E146A2D1745CC00155BE8 /* MonthlyMenuItem.swift */,
			);
			path = MonthlyChallenge;
			sourceTree = "<group>";
		};
		CF9922BA2C9766DC004186DF /* Managers */ = {
			isa = PBXGroup;
			children = (
				CF279C4B2C31A8940084C43F /* SoundManager.swift */,
			);
			path = Managers;
			sourceTree = "<group>";
		};
		CFCE3C702C43104100D33AE3 /* Views */ = {
			isa = PBXGroup;
			children = (
				CF70037B2C8DE807009F1531 /* UI */,
				CF2222D12E353FA100A90265 /* Timer */,
				CF2222D72E354A6A00A90265 /* WhatsNew */,
				CF2222D22E353FE800A90265 /* Settings */,
			);
			path = Views;
			sourceTree = "<group>";
		};
		CFCE3C772C431EF400D33AE3 /* Extensions */ = {
			isa = PBXGroup;
			children = (
				CFCE3C752C431EC900D33AE3 /* View+Extension.swift */,
				CF9922AE2C920C51004186DF /* Image+Extension.swift */,
			);
			path = Extensions;
			sourceTree = "<group>";
		};
/* End PBXGroup section */

/* Begin PBXNativeTarget section */
		CF21842F29F052590060706C /* GustavTimer */ = {
			isa = PBXNativeTarget;
			buildConfigurationList = CF21843E29F0525E0060706C /* Build configuration list for PBXNativeTarget "GustavTimer" */;
			buildPhases = (
				CF21842C29F052590060706C /* Sources */,
				CF21842D29F052590060706C /* Frameworks */,
				CF21842E29F052590060706C /* Resources */,
			);
			buildRules = (
			);
			dependencies = (
			);
			name = GustavTimer;
			productName = GustavTimer;
			productReference = CF21843029F052590060706C /* GustavTimer.app */;
			productType = "com.apple.product-type.application";
		};
/* End PBXNativeTarget section */

/* Begin PBXProject section */
		CF21842829F052590060706C /* Project object */ = {
			isa = PBXProject;
			attributes = {
				BuildIndependentTargetsInParallel = 1;
				LastSwiftUpdateCheck = 1430;
				LastUpgradeCheck = 1530;
				TargetAttributes = {
					CF21842F29F052590060706C = {
						CreatedOnToolsVersion = 14.3;
					};
				};
			};
			buildConfigurationList = CF21842B29F052590060706C /* Build configuration list for PBXProject "GustavTimer" */;
			compatibilityVersion = "Xcode 14.0";
			developmentRegion = en;
			hasScannedForEncodings = 0;
			knownRegions = (
				en,
				Base,
				cs,
			);
			mainGroup = CF21842729F052590060706C;
			packageReferences = (
				CF8C07C52E3E64100083ED1D /* XCRemoteSwiftPackageReference "rive-ios" */,
			);
			productRefGroup = CF21843129F052590060706C /* Products */;
			projectDirPath = "";
			projectRoot = "";
			targets = (
				CF21842F29F052590060706C /* GustavTimer */,
			);
		};
/* End PBXProject section */

/* Begin PBXResourcesBuildPhase section */
		CF21842E29F052590060706C /* Resources */ = {
			isa = PBXResourcesBuildPhase;
			buildActionMask = 2147483647;
			files = (
				CF93EAFB2C5E551600A98ABD /* beep-final.mp3 in Resources */,
				CF21843B29F0525E0060706C /* Preview Assets.xcassets in Resources */,
				CFF71ACC2B8B99BC00884E82 /* Localizable.xcstrings in Resources */,
				CF93EAF72C5E543100A98ABD /* trumpet-final.mp3 in Resources */,
				CF93EAFE2C5E569400A98ABD /* game-countdown.mp3 in Resources */,
				CF93EAF52C5E4F6200A98ABD /* bell-final.mp3 in Resources */,
				CF93EAF32C5E4C6B00A98ABD /* 90s-countdown.mp3 in Resources */,
				CF93EAFF2C5E569400A98ABD /* game-final.mp3 in Resources */,
				CF8C07BF2E3E04250083ED1D /* SpaceMono-Regular.ttf in Resources */,
				CF8C07C02E3E04250083ED1D /* SpaceMono-Italic.ttf in Resources */,
				CF8C07C12E3E04250083ED1D /* SpaceMono-BoldItalic.ttf in Resources */,
				CF8C07C22E3E04250083ED1D /* SpaceMono-Bold.ttf in Resources */,
				CF8C07CD2E3E673C0083ED1D /* reset.riv in Resources */,
				CF93EB012C5E679700A98ABD /* PrivacyInfo.xcprivacy in Resources */,
				CF21843829F0525E0060706C /* Assets.xcassets in Resources */,
				CF93EAFA2C5E551600A98ABD /* beep-countdown.mp3 in Resources */,
				CF93EAF22C5E4C6B00A98ABD /* 90s-final.mp3 in Resources */,
				CF8C07B22E3D5AED0083ED1D /* SpaceGrotesk-Medium.ttf in Resources */,
				CF8C07B32E3D5AED0083ED1D /* SpaceGrotesk-SemiBold.ttf in Resources */,
				CF8C07B42E3D5AED0083ED1D /* SpaceGrotesk-Bold.ttf in Resources */,
				CF8C07B52E3D5AED0083ED1D /* SpaceGrotesk-Regular.ttf in Resources */,
				CF8C07B62E3D5AED0083ED1D /* SpaceGrotesk-Light.ttf in Resources */,
			);
			runOnlyForDeploymentPostprocessing = 0;
		};
/* End PBXResourcesBuildPhase section */

/* Begin PBXSourcesBuildPhase section */
		CF21842C29F052590060706C /* Sources */ = {
			isa = PBXSourcesBuildPhase;
			buildActionMask = 2147483647;
			files = (
				CFB1394D2AE572D300EE8B2C /* BackgroundImageView.swift in Sources */,
				CF21843629F052590060706C /* ContentView.swift in Sources */,
				CFB1394F2AE59ED900EE8B2C /* BackgroundImageModel.swift in Sources */,
				CF3A14912E47250800F734F4 /* TimeDisplayFormat.swift in Sources */,
				CF10D0562E73371F00F84454 /* RoundsSettingsView.swift in Sources */,
				CFC3A7722AAF8B1B00BB8CC2 /* ProgressBar.swift in Sources */,
				CFF207D82E6CA9F900D0C369 /* FavouritesItemView.swift in Sources */,
				CF2222D42E35402500A90265 /* SettingsViewModel.swift in Sources */,
				CF8E14672D17404900155BE8 /* VideoPlayerFullscreen.swift in Sources */,
				CF01945C2C8A20D700CAC1BD /* SoundSettingsView.swift in Sources */,
				CFADBCF42AC9DC7B00AE27D8 /* SettingsView.swift in Sources */,
				CF9922B12C959AC1004186DF /* ControlButton.swift in Sources */,
				CF8E146B2D1745DB00155BE8 /* MonthlyMenuItem.swift in Sources */,
				CF3A14932E47251B00F734F4 /* TimeDisplayFormatView.swift in Sources */,
				CFC4C1852D04766D0086CEBB /* Tag.swift in Sources */,
				CFADBCF22AC9C8AE00AE27D8 /* ProgressArrayView.swift in Sources */,
				CFC4C1872D047C1D0086CEBB /* WhatsNewView.swift in Sources */,
				CF21844229F0528C0060706C /* TimerViewModel.swift in Sources */,
				CF9922AD2C8F84C9004186DF /* AppConfig.swift in Sources */,
				CF9922AF2C920C51004186DF /* Image+Extension.swift in Sources */,
				CF70037D2C8DE816009F1531 /* HintButton.swift in Sources */,
				CFCD99D02CA068B00017BD0E /* ListButton.swift in Sources */,
				CFCE3C762C431EC900D33AE3 /* View+Extension.swift in Sources */,
				CF70037F2C8DED37009F1531 /* BackgroundSelectorView.swift in Sources */,
				CFF207D62E6CA9BA00D0C369 /* FavouritesEmptyView.swift in Sources */,
				CFFEC2B62D184F9800E4C157 /* MonthlyConfig.swift in Sources */,
				CF8C07BA2E3DFD9B0083ED1D /* Theme.swift in Sources */,
				CF2222D02E353EA600A90265 /* TimerView.swift in Sources */,
				CF21843429F052590060706C /* GustavTimerApp.swift in Sources */,
				CF7BCED72BB881C900A65EF1 /* CustomImageModel.swift in Sources */,
				CF279C4C2C31A8940084C43F /* SoundManager.swift in Sources */,
				CF7B1B412C8F6BD3005D4664 /* IntervalData.swift in Sources */,
				CF2222DA2E355A8200A90265 /* TimerData.swift in Sources */,
			);
			runOnlyForDeploymentPostprocessing = 0;
		};
/* End PBXSourcesBuildPhase section */

/* Begin XCBuildConfiguration section */
		CF21843C29F0525E0060706C /* Debug */ = {
			isa = XCBuildConfiguration;
			buildSettings = {
				ALWAYS_SEARCH_USER_PATHS = NO;
				ASSETCATALOG_COMPILER_GENERATE_SWIFT_ASSET_SYMBOL_EXTENSIONS = YES;
				CLANG_ANALYZER_LOCALIZABILITY_NONLOCALIZED = YES;
				CLANG_ANALYZER_NONNULL = YES;
				CLANG_ANALYZER_NUMBER_OBJECT_CONVERSION = YES_AGGRESSIVE;
				CLANG_CXX_LANGUAGE_STANDARD = "gnu++20";
				CLANG_ENABLE_MODULES = YES;
				CLANG_ENABLE_OBJC_ARC = YES;
				CLANG_ENABLE_OBJC_WEAK = YES;
				CLANG_WARN_BLOCK_CAPTURE_AUTORELEASING = YES;
				CLANG_WARN_BOOL_CONVERSION = YES;
				CLANG_WARN_COMMA = YES;
				CLANG_WARN_CONSTANT_CONVERSION = YES;
				CLANG_WARN_DEPRECATED_OBJC_IMPLEMENTATIONS = YES;
				CLANG_WARN_DIRECT_OBJC_ISA_USAGE = YES_ERROR;
				CLANG_WARN_DOCUMENTATION_COMMENTS = YES;
				CLANG_WARN_EMPTY_BODY = YES;
				CLANG_WARN_ENUM_CONVERSION = YES;
				CLANG_WARN_INFINITE_RECURSION = YES;
				CLANG_WARN_INT_CONVERSION = YES;
				CLANG_WARN_NON_LITERAL_NULL_CONVERSION = YES;
				CLANG_WARN_OBJC_IMPLICIT_RETAIN_SELF = YES;
				CLANG_WARN_OBJC_LITERAL_CONVERSION = YES;
				CLANG_WARN_OBJC_ROOT_CLASS = YES_ERROR;
				CLANG_WARN_QUOTED_INCLUDE_IN_FRAMEWORK_HEADER = YES;
				CLANG_WARN_RANGE_LOOP_ANALYSIS = YES;
				CLANG_WARN_STRICT_PROTOTYPES = YES;
				CLANG_WARN_SUSPICIOUS_MOVE = YES;
				CLANG_WARN_UNGUARDED_AVAILABILITY = YES_AGGRESSIVE;
				CLANG_WARN_UNREACHABLE_CODE = YES;
				CLANG_WARN__DUPLICATE_METHOD_MATCH = YES;
				COPY_PHASE_STRIP = NO;
				DEBUG_INFORMATION_FORMAT = dwarf;
				ENABLE_STRICT_OBJC_MSGSEND = YES;
				ENABLE_TESTABILITY = YES;
				ENABLE_USER_SCRIPT_SANDBOXING = YES;
				GCC_C_LANGUAGE_STANDARD = gnu11;
				GCC_DYNAMIC_NO_PIC = NO;
				GCC_NO_COMMON_BLOCKS = YES;
				GCC_OPTIMIZATION_LEVEL = 0;
				GCC_PREPROCESSOR_DEFINITIONS = (
					"DEBUG=1",
					"$(inherited)",
				);
				GCC_WARN_64_TO_32_BIT_CONVERSION = YES;
				GCC_WARN_ABOUT_RETURN_TYPE = YES_ERROR;
				GCC_WARN_UNDECLARED_SELECTOR = YES;
				GCC_WARN_UNINITIALIZED_AUTOS = YES_AGGRESSIVE;
				GCC_WARN_UNUSED_FUNCTION = YES;
				GCC_WARN_UNUSED_VARIABLE = YES;
				IPHONEOS_DEPLOYMENT_TARGET = 16.4;
				MTL_ENABLE_DEBUG_INFO = INCLUDE_SOURCE;
				MTL_FAST_MATH = YES;
				ONLY_ACTIVE_ARCH = YES;
				SDKROOT = iphoneos;
				SWIFT_ACTIVE_COMPILATION_CONDITIONS = DEBUG;
				SWIFT_OPTIMIZATION_LEVEL = "-Onone";
			};
			name = Debug;
		};
		CF21843D29F0525E0060706C /* Release */ = {
			isa = XCBuildConfiguration;
			buildSettings = {
				ALWAYS_SEARCH_USER_PATHS = NO;
				ASSETCATALOG_COMPILER_GENERATE_SWIFT_ASSET_SYMBOL_EXTENSIONS = YES;
				CLANG_ANALYZER_LOCALIZABILITY_NONLOCALIZED = YES;
				CLANG_ANALYZER_NONNULL = YES;
				CLANG_ANALYZER_NUMBER_OBJECT_CONVERSION = YES_AGGRESSIVE;
				CLANG_CXX_LANGUAGE_STANDARD = "gnu++20";
				CLANG_ENABLE_MODULES = YES;
				CLANG_ENABLE_OBJC_ARC = YES;
				CLANG_ENABLE_OBJC_WEAK = YES;
				CLANG_WARN_BLOCK_CAPTURE_AUTORELEASING = YES;
				CLANG_WARN_BOOL_CONVERSION = YES;
				CLANG_WARN_COMMA = YES;
				CLANG_WARN_CONSTANT_CONVERSION = YES;
				CLANG_WARN_DEPRECATED_OBJC_IMPLEMENTATIONS = YES;
				CLANG_WARN_DIRECT_OBJC_ISA_USAGE = YES_ERROR;
				CLANG_WARN_DOCUMENTATION_COMMENTS = YES;
				CLANG_WARN_EMPTY_BODY = YES;
				CLANG_WARN_ENUM_CONVERSION = YES;
				CLANG_WARN_INFINITE_RECURSION = YES;
				CLANG_WARN_INT_CONVERSION = YES;
				CLANG_WARN_NON_LITERAL_NULL_CONVERSION = YES;
				CLANG_WARN_OBJC_IMPLICIT_RETAIN_SELF = YES;
				CLANG_WARN_OBJC_LITERAL_CONVERSION = YES;
				CLANG_WARN_OBJC_ROOT_CLASS = YES_ERROR;
				CLANG_WARN_QUOTED_INCLUDE_IN_FRAMEWORK_HEADER = YES;
				CLANG_WARN_RANGE_LOOP_ANALYSIS = YES;
				CLANG_WARN_STRICT_PROTOTYPES = YES;
				CLANG_WARN_SUSPICIOUS_MOVE = YES;
				CLANG_WARN_UNGUARDED_AVAILABILITY = YES_AGGRESSIVE;
				CLANG_WARN_UNREACHABLE_CODE = YES;
				CLANG_WARN__DUPLICATE_METHOD_MATCH = YES;
				COPY_PHASE_STRIP = NO;
				DEBUG_INFORMATION_FORMAT = "dwarf-with-dsym";
				ENABLE_NS_ASSERTIONS = NO;
				ENABLE_STRICT_OBJC_MSGSEND = YES;
				ENABLE_USER_SCRIPT_SANDBOXING = YES;
				GCC_C_LANGUAGE_STANDARD = gnu11;
				GCC_NO_COMMON_BLOCKS = YES;
				GCC_WARN_64_TO_32_BIT_CONVERSION = YES;
				GCC_WARN_ABOUT_RETURN_TYPE = YES_ERROR;
				GCC_WARN_UNDECLARED_SELECTOR = YES;
				GCC_WARN_UNINITIALIZED_AUTOS = YES_AGGRESSIVE;
				GCC_WARN_UNUSED_FUNCTION = YES;
				GCC_WARN_UNUSED_VARIABLE = YES;
				IPHONEOS_DEPLOYMENT_TARGET = 16.4;
				MTL_ENABLE_DEBUG_INFO = NO;
				MTL_FAST_MATH = YES;
				SDKROOT = iphoneos;
				SWIFT_COMPILATION_MODE = wholemodule;
				SWIFT_OPTIMIZATION_LEVEL = "-O";
				VALIDATE_PRODUCT = YES;
			};
			name = Release;
		};
		CF21843F29F0525E0060706C /* Debug */ = {
			isa = XCBuildConfiguration;
			buildSettings = {
				ASSETCATALOG_COMPILER_APPICON_NAME = AppIcon;
				ASSETCATALOG_COMPILER_GLOBAL_ACCENT_COLOR_NAME = AccentColor;
				ASSETCATALOG_COMPILER_INCLUDE_ALL_APPICON_ASSETS = YES;
				CODE_SIGN_STYLE = Automatic;
				CURRENT_PROJECT_VERSION = 1;
				DEVELOPMENT_ASSET_PATHS = "\"GustavTimer/Preview Content\"";
				DEVELOPMENT_TEAM = BY8G7HDNPV;
				ENABLE_PREVIEWS = YES;
				GENERATE_INFOPLIST_FILE = YES;
				INFOPLIST_FILE = GustavTimer/Info.plist;
				INFOPLIST_KEY_CFBundleDisplayName = "Gustav Timer";
				INFOPLIST_KEY_UIApplicationSceneManifest_Generation = YES;
				INFOPLIST_KEY_UIApplicationSupportsIndirectInputEvents = YES;
				INFOPLIST_KEY_UILaunchScreen_Generation = YES;
				INFOPLIST_KEY_UIRequiresFullScreen = NO;
				INFOPLIST_KEY_UIStatusBarHidden = YES;
				INFOPLIST_KEY_UISupportedInterfaceOrientations = "UIInterfaceOrientationLandscapeLeft UIInterfaceOrientationLandscapeRight UIInterfaceOrientationPortrait";
				INFOPLIST_KEY_UISupportedInterfaceOrientations_iPad = "UIInterfaceOrientationLandscapeLeft UIInterfaceOrientationLandscapeRight UIInterfaceOrientationPortrait UIInterfaceOrientationPortraitUpsideDown";
				IPHONEOS_DEPLOYMENT_TARGET = 17.0;
				LD_RUNPATH_SEARCH_PATHS = (
					"$(inherited)",
					"@executable_path/Frameworks",
				);
				MARKETING_VERSION = 1.4.2;
				PRODUCT_BUNDLE_IDENTIFIER = cz.daliborjanecek.GustavTimer;
				PRODUCT_NAME = "$(TARGET_NAME)";
				SUPPORTED_PLATFORMS = "iphoneos iphonesimulator";
				SUPPORTS_MACCATALYST = NO;
				SUPPORTS_MAC_DESIGNED_FOR_IPHONE_IPAD = YES;
				SUPPORTS_XR_DESIGNED_FOR_IPHONE_IPAD = NO;
				SWIFT_EMIT_LOC_STRINGS = YES;
				SWIFT_VERSION = 5.0;
				TARGETED_DEVICE_FAMILY = "1,2";
			};
			name = Debug;
		};
		CF21844029F0525E0060706C /* Release */ = {
			isa = XCBuildConfiguration;
			buildSettings = {
				ASSETCATALOG_COMPILER_APPICON_NAME = AppIcon;
				ASSETCATALOG_COMPILER_GLOBAL_ACCENT_COLOR_NAME = AccentColor;
				ASSETCATALOG_COMPILER_INCLUDE_ALL_APPICON_ASSETS = YES;
				CODE_SIGN_STYLE = Automatic;
				CURRENT_PROJECT_VERSION = 1;
				DEVELOPMENT_ASSET_PATHS = "\"GustavTimer/Preview Content\"";
				DEVELOPMENT_TEAM = BY8G7HDNPV;
				ENABLE_PREVIEWS = YES;
				GENERATE_INFOPLIST_FILE = YES;
				INFOPLIST_FILE = GustavTimer/Info.plist;
				INFOPLIST_KEY_CFBundleDisplayName = "Gustav Timer";
				INFOPLIST_KEY_UIApplicationSceneManifest_Generation = YES;
				INFOPLIST_KEY_UIApplicationSupportsIndirectInputEvents = YES;
				INFOPLIST_KEY_UILaunchScreen_Generation = YES;
				INFOPLIST_KEY_UIRequiresFullScreen = NO;
				INFOPLIST_KEY_UIStatusBarHidden = YES;
				INFOPLIST_KEY_UISupportedInterfaceOrientations = "UIInterfaceOrientationLandscapeLeft UIInterfaceOrientationLandscapeRight UIInterfaceOrientationPortrait";
				INFOPLIST_KEY_UISupportedInterfaceOrientations_iPad = "UIInterfaceOrientationLandscapeLeft UIInterfaceOrientationLandscapeRight UIInterfaceOrientationPortrait UIInterfaceOrientationPortraitUpsideDown";
				IPHONEOS_DEPLOYMENT_TARGET = 17.0;
				LD_RUNPATH_SEARCH_PATHS = (
					"$(inherited)",
					"@executable_path/Frameworks",
				);
				MARKETING_VERSION = 1.4.2;
				PRODUCT_BUNDLE_IDENTIFIER = cz.daliborjanecek.GustavTimer;
				PRODUCT_NAME = "$(TARGET_NAME)";
				SUPPORTED_PLATFORMS = "iphoneos iphonesimulator";
				SUPPORTS_MACCATALYST = NO;
				SUPPORTS_MAC_DESIGNED_FOR_IPHONE_IPAD = YES;
				SUPPORTS_XR_DESIGNED_FOR_IPHONE_IPAD = NO;
				SWIFT_EMIT_LOC_STRINGS = YES;
				SWIFT_VERSION = 5.0;
				TARGETED_DEVICE_FAMILY = "1,2";
			};
			name = Release;
		};
/* End XCBuildConfiguration section */

/* Begin XCConfigurationList section */
		CF21842B29F052590060706C /* Build configuration list for PBXProject "GustavTimer" */ = {
			isa = XCConfigurationList;
			buildConfigurations = (
				CF21843C29F0525E0060706C /* Debug */,
				CF21843D29F0525E0060706C /* Release */,
			);
			defaultConfigurationIsVisible = 0;
			defaultConfigurationName = Release;
		};
		CF21843E29F0525E0060706C /* Build configuration list for PBXNativeTarget "GustavTimer" */ = {
			isa = XCConfigurationList;
			buildConfigurations = (
				CF21843F29F0525E0060706C /* Debug */,
				CF21844029F0525E0060706C /* Release */,
			);
			defaultConfigurationIsVisible = 0;
			defaultConfigurationName = Release;
		};
/* End XCConfigurationList section */

/* Begin XCRemoteSwiftPackageReference section */
		CF8C07C52E3E64100083ED1D /* XCRemoteSwiftPackageReference "rive-ios" */ = {
			isa = XCRemoteSwiftPackageReference;
			repositoryURL = "https://github.com/rive-app/rive-ios.git";
			requirement = {
				kind = upToNextMajorVersion;
				minimumVersion = 6.11.1;
			};
		};
/* End XCRemoteSwiftPackageReference section */

/* Begin XCSwiftPackageProductDependency section */
		CF8C07C62E3E64100083ED1D /* RiveRuntime */ = {
			isa = XCSwiftPackageProductDependency;
			package = CF8C07C52E3E64100083ED1D /* XCRemoteSwiftPackageReference "rive-ios" */;
			productName = RiveRuntime;
		};
/* End XCSwiftPackageProductDependency section */
	};
	rootObject = CF21842829F052590060706C /* Project object */;
}
